// !$*UTF8*$!
{
	archiveVersion = 1;
	classes = {
	};
	objectVersion = 46;
	objects = {

/* Begin PBXBuildFile section */
		62B7808116B07BDDFE115471 /* TokenModel.m in Sources */ = {isa = PBXBuildFile; fileRef = 62B78C19DB8B459B030C25FE /* TokenModel.m */; };
		62B78166F5B62D034994E445 /* StoryboardAssembly.m in Sources */ = {isa = PBXBuildFile; fileRef = 62B78B65F03966A8375AA2B0 /* StoryboardAssembly.m */; };
		62B781A35779FF35A686CDFA /* ModuleAssemblyBase.m in Sources */ = {isa = PBXBuildFile; fileRef = 62B789C1E51A3D82EAA94E42 /* ModuleAssemblyBase.m */; };
		62B782286D9815A367C9D1DB /* CoreComponentsAssembly.m in Sources */ = {isa = PBXBuildFile; fileRef = 62B780507BE6F4C55E4C3765 /* CoreComponentsAssembly.m */; };
		62B7835BA7672CAFD42F9767 /* ServiceComponentsAssembly.m in Sources */ = {isa = PBXBuildFile; fileRef = 62B78A3554D06A9ACA39B70B /* ServiceComponentsAssembly.m */; };
		62B788678295B0CD734F2C37 /* CoreComponentsResource.plist in Resources */ = {isa = PBXBuildFile; fileRef = 62B78449FAB2C6AA9CF3436F /* CoreComponentsResource.plist */; };
		62B7888B7E4B7765D4594E29 /* СoreLayerConstants.m in Sources */ = {isa = PBXBuildFile; fileRef = 62B78305738685B06AC86076 /* СoreLayerConstants.m */; };
		62B7890E7A5B05AF3197014D /* UserAuthenticationViewController.m in Sources */ = {isa = PBXBuildFile; fileRef = 62B78DC9C6E5CD929B696EEE /* UserAuthenticationViewController.m */; };
		62B789AD61B760C8EDA075F2 /* UserAuthenticationViewModel.m in Sources */ = {isa = PBXBuildFile; fileRef = 62B784B024A6E7EF8FE88294 /* UserAuthenticationViewModel.m */; };
		62B789D0449E5FFB7AE85BCF /* ServiceComponentsResource.plist in Resources */ = {isa = PBXBuildFile; fileRef = 62B7828E4A484077A91947B3 /* ServiceComponentsResource.plist */; };
		62B78A217EC7801E85F16706 /* AuthenticationServiceImpl.m in Sources */ = {isa = PBXBuildFile; fileRef = 62B78D1EB1EAD0DB523D0233 /* AuthenticationServiceImpl.m */; };
		62B78AEC65209659C28B5B3C /* UserAuthenticationRouter.m in Sources */ = {isa = PBXBuildFile; fileRef = 62B78EC6BE0D557CE3396DE0 /* UserAuthenticationRouter.m */; };
		62B78BF4B95887944CFE4E60 /* SessionModel.m in Sources */ = {isa = PBXBuildFile; fileRef = 62B78D7DBE6ED08527FF0FE6 /* SessionModel.m */; };
		62B78CF7FDDBDD6F46ED0D75 /* KeychainServiceImpl.m in Sources */ = {isa = PBXBuildFile; fileRef = 62B78A2FC4E3959F6E42B1BE /* KeychainServiceImpl.m */; };
		62B78DA7A7B8E353341C13FD /* TVShowsDiscoverUserStoryStoryboard.storyboard in Resources */ = {isa = PBXBuildFile; fileRef = 62B78AE4EFD378BC953F380B /* TVShowsDiscoverUserStoryStoryboard.storyboard */; };
		62B78F0EBFE2765487DAFC58 /* UserAuthenticationAssembly.m in Sources */ = {isa = PBXBuildFile; fileRef = 62B7886391D9D0601859CD96 /* UserAuthenticationAssembly.m */; };
		62B78FF89404422F56FF7070 /* SegueIdentifiersConstants.m in Sources */ = {isa = PBXBuildFile; fileRef = 62B78694DA7D2C99F1043DBB /* SegueIdentifiersConstants.m */; };
		74AD33EA5708F194101E6CF7 /* AppDelegate.m in Sources */ = {isa = PBXBuildFile; fileRef = 74AD389C497C9C32E509D13B /* AppDelegate.m */; };
		74AD366EB96040FFC655746E /* NetworkClientResponseSerializerImpl.m in Sources */ = {isa = PBXBuildFile; fileRef = 74AD35EC7F1FA31EFE480321 /* NetworkClientResponseSerializerImpl.m */; };
		74AD380EB8C003CE78166B0A /* NetworkClientImpl.m in Sources */ = {isa = PBXBuildFile; fileRef = 74AD33E634506C3C1611C714 /* NetworkClientImpl.m */; };
		74AD3C43F87FF2D85E0B7153 /* Assets.xcassets in Resources */ = {isa = PBXBuildFile; fileRef = 74AD3EAC61E28FF0DA25F82C /* Assets.xcassets */; };
		9C6FE0B47A8E28CE275B1A75 /* libPods-TVDB.a in Frameworks */ = {isa = PBXBuildFile; fileRef = 0375AF4AFEC73F1342472498 /* libPods-TVDB.a */; };
		B77EE2041D9A8AC8006FB640 /* main.m in Sources */ = {isa = PBXBuildFile; fileRef = B77EE2031D9A8AC8006FB640 /* main.m */; };
		B77EE2201D9A8AC8006FB640 /* TVDBTests.m in Sources */ = {isa = PBXBuildFile; fileRef = B77EE21F1D9A8AC8006FB640 /* TVDBTests.m */; };
		B7B160EC1D9B1DB900F68B90 /* AuthenticationUserStoryStoryboard.storyboard in Resources */ = {isa = PBXBuildFile; fileRef = B7B160EB1D9B1DB900F68B90 /* AuthenticationUserStoryStoryboard.storyboard */; };
/* End PBXBuildFile section */

/* Begin PBXContainerItemProxy section */
		B77EE21C1D9A8AC8006FB640 /* PBXContainerItemProxy */ = {
			isa = PBXContainerItemProxy;
			containerPortal = B77EE1F71D9A8AC8006FB640 /* Project object */;
			proxyType = 1;
			remoteGlobalIDString = B77EE1FE1D9A8AC8006FB640;
			remoteInfo = TVDB;
		};
/* End PBXContainerItemProxy section */

/* Begin PBXFileReference section */
		0375AF4AFEC73F1342472498 /* libPods-TVDB.a */ = {isa = PBXFileReference; explicitFileType = archive.ar; includeInIndex = 0; path = "libPods-TVDB.a"; sourceTree = BUILT_PRODUCTS_DIR; };
		5ABBC0EB1F89DEF3F3D1F22C /* libPods-TVDBTests.a */ = {isa = PBXFileReference; explicitFileType = archive.ar; includeInIndex = 0; path = "libPods-TVDBTests.a"; sourceTree = BUILT_PRODUCTS_DIR; };
		62B780103E319EB17673F5CC /* KeychainServiceImpl.h */ = {isa = PBXFileReference; fileEncoding = 4; lastKnownFileType = sourcecode.c.h; path = KeychainServiceImpl.h; sourceTree = "<group>"; };
		62B780507BE6F4C55E4C3765 /* CoreComponentsAssembly.m */ = {isa = PBXFileReference; fileEncoding = 4; lastKnownFileType = sourcecode.c.objc; path = CoreComponentsAssembly.m; sourceTree = "<group>"; };
		62B7814594B047926FE69FEB /* StoryboardAssembly.h */ = {isa = PBXFileReference; fileEncoding = 4; lastKnownFileType = sourcecode.c.h; path = StoryboardAssembly.h; sourceTree = "<group>"; };
		62B7828E4A484077A91947B3 /* ServiceComponentsResource.plist */ = {isa = PBXFileReference; fileEncoding = 4; lastKnownFileType = text.plist; path = ServiceComponentsResource.plist; sourceTree = "<group>"; };
		62B78305738685B06AC86076 /* СoreLayerConstants.m */ = {isa = PBXFileReference; fileEncoding = 4; lastKnownFileType = sourcecode.c.objc; path = "СoreLayerConstants.m"; sourceTree = "<group>"; };
		62B78321C0936258E24C3BDB /* UserAuthenticationRouter.h */ = {isa = PBXFileReference; fileEncoding = 4; lastKnownFileType = sourcecode.c.h; path = UserAuthenticationRouter.h; sourceTree = "<group>"; };
		62B78449FAB2C6AA9CF3436F /* CoreComponentsResource.plist */ = {isa = PBXFileReference; fileEncoding = 4; lastKnownFileType = text.plist; path = CoreComponentsResource.plist; sourceTree = "<group>"; };
		62B784B024A6E7EF8FE88294 /* UserAuthenticationViewModel.m */ = {isa = PBXFileReference; fileEncoding = 4; lastKnownFileType = sourcecode.c.objc; path = UserAuthenticationViewModel.m; sourceTree = "<group>"; };
		62B785240689C18E82C523F0 /* ModuleAssemblyBase.h */ = {isa = PBXFileReference; fileEncoding = 4; lastKnownFileType = sourcecode.c.h; path = ModuleAssemblyBase.h; sourceTree = "<group>"; };
		62B7854BA5823126DFF05D31 /* UserAuthenticationAssembly.h */ = {isa = PBXFileReference; fileEncoding = 4; lastKnownFileType = sourcecode.c.h; path = UserAuthenticationAssembly.h; sourceTree = "<group>"; };
		62B78603A4406E90F47066F9 /* UserAuthenticationViewController.h */ = {isa = PBXFileReference; fileEncoding = 4; lastKnownFileType = sourcecode.c.h; path = UserAuthenticationViewController.h; sourceTree = "<group>"; };
		62B78694DA7D2C99F1043DBB /* SegueIdentifiersConstants.m */ = {isa = PBXFileReference; fileEncoding = 4; lastKnownFileType = sourcecode.c.objc; path = SegueIdentifiersConstants.m; sourceTree = "<group>"; };
		62B786C0B1186D15221FC7D6 /* СoreLayerConstants.h */ = {isa = PBXFileReference; fileEncoding = 4; lastKnownFileType = sourcecode.c.h; path = "СoreLayerConstants.h"; sourceTree = "<group>"; };
		62B786D4799C75A2F6C44A30 /* KeychainService.h */ = {isa = PBXFileReference; fileEncoding = 4; lastKnownFileType = sourcecode.c.h; path = KeychainService.h; sourceTree = "<group>"; };
		62B78803986AF287B567EF50 /* CoreComponentsFactory.h */ = {isa = PBXFileReference; fileEncoding = 4; lastKnownFileType = sourcecode.c.h; path = CoreComponentsFactory.h; sourceTree = "<group>"; };
		62B7886391D9D0601859CD96 /* UserAuthenticationAssembly.m */ = {isa = PBXFileReference; fileEncoding = 4; lastKnownFileType = sourcecode.c.objc; path = UserAuthenticationAssembly.m; sourceTree = "<group>"; };
		62B788F1E60E30117465EC4C /* TokenModel.h */ = {isa = PBXFileReference; fileEncoding = 4; lastKnownFileType = sourcecode.c.h; path = TokenModel.h; sourceTree = "<group>"; };
		62B789C1E51A3D82EAA94E42 /* ModuleAssemblyBase.m */ = {isa = PBXFileReference; fileEncoding = 4; lastKnownFileType = sourcecode.c.objc; path = ModuleAssemblyBase.m; sourceTree = "<group>"; };
		62B78A2FC4E3959F6E42B1BE /* KeychainServiceImpl.m */ = {isa = PBXFileReference; fileEncoding = 4; lastKnownFileType = sourcecode.c.objc; path = KeychainServiceImpl.m; sourceTree = "<group>"; };
		62B78A3554D06A9ACA39B70B /* ServiceComponentsAssembly.m */ = {isa = PBXFileReference; fileEncoding = 4; lastKnownFileType = sourcecode.c.objc; path = ServiceComponentsAssembly.m; sourceTree = "<group>"; };
		62B78AE105F0F09307FFD9BB /* UserAuthenticationViewModel.h */ = {isa = PBXFileReference; fileEncoding = 4; lastKnownFileType = sourcecode.c.h; path = UserAuthenticationViewModel.h; sourceTree = "<group>"; };
		62B78AE4EFD378BC953F380B /* TVShowsDiscoverUserStoryStoryboard.storyboard */ = {isa = PBXFileReference; lastKnownFileType = file.storyboard; path = TVShowsDiscoverUserStoryStoryboard.storyboard; sourceTree = "<group>"; };
		62B78B65F03966A8375AA2B0 /* StoryboardAssembly.m */ = {isa = PBXFileReference; fileEncoding = 4; lastKnownFileType = sourcecode.c.objc; path = StoryboardAssembly.m; sourceTree = "<group>"; };
		62B78C19DB8B459B030C25FE /* TokenModel.m */ = {isa = PBXFileReference; fileEncoding = 4; lastKnownFileType = sourcecode.c.objc; path = TokenModel.m; sourceTree = "<group>"; };
		62B78C9254153E87FEDA544A /* ServiceComponentsFactory.h */ = {isa = PBXFileReference; fileEncoding = 4; lastKnownFileType = sourcecode.c.h; path = ServiceComponentsFactory.h; sourceTree = "<group>"; };
		62B78C98AD4E5494CD9C18CB /* CoreComponentsAssembly.h */ = {isa = PBXFileReference; fileEncoding = 4; lastKnownFileType = sourcecode.c.h; path = CoreComponentsAssembly.h; sourceTree = "<group>"; };
		62B78CA4EF5126F3A7233C23 /* AuthenticationServiceImpl.h */ = {isa = PBXFileReference; fileEncoding = 4; lastKnownFileType = sourcecode.c.h; path = AuthenticationServiceImpl.h; sourceTree = "<group>"; };
		62B78D1EB1EAD0DB523D0233 /* AuthenticationServiceImpl.m */ = {isa = PBXFileReference; fileEncoding = 4; lastKnownFileType = sourcecode.c.objc; path = AuthenticationServiceImpl.m; sourceTree = "<group>"; };
		62B78D7B8CDDA4B8EADECC7A /* SessionModel.h */ = {isa = PBXFileReference; fileEncoding = 4; lastKnownFileType = sourcecode.c.h; path = SessionModel.h; sourceTree = "<group>"; };
		62B78D7DBE6ED08527FF0FE6 /* SessionModel.m */ = {isa = PBXFileReference; fileEncoding = 4; lastKnownFileType = sourcecode.c.objc; path = SessionModel.m; sourceTree = "<group>"; };
		62B78DC9C6E5CD929B696EEE /* UserAuthenticationViewController.m */ = {isa = PBXFileReference; fileEncoding = 4; lastKnownFileType = sourcecode.c.objc; path = UserAuthenticationViewController.m; sourceTree = "<group>"; };
		62B78E53DD2347C94B8C748B /* AuthenticationService.h */ = {isa = PBXFileReference; fileEncoding = 4; lastKnownFileType = sourcecode.c.h; path = AuthenticationService.h; sourceTree = "<group>"; };
		62B78EC6BE0D557CE3396DE0 /* UserAuthenticationRouter.m */ = {isa = PBXFileReference; fileEncoding = 4; lastKnownFileType = sourcecode.c.objc; path = UserAuthenticationRouter.m; sourceTree = "<group>"; };
		62B78EE48986A36F2D84459C /* SegueIdentifiersConstants.h */ = {isa = PBXFileReference; fileEncoding = 4; lastKnownFileType = sourcecode.c.h; path = SegueIdentifiersConstants.h; sourceTree = "<group>"; };
		62B78F269A81D139555CA644 /* UserAuthenticationViewModelInput.h */ = {isa = PBXFileReference; fileEncoding = 4; lastKnownFileType = sourcecode.c.h; path = UserAuthenticationViewModelInput.h; sourceTree = "<group>"; };
		62B78F9F87F4BE56E1458FFD /* UserAuthenticationRouterInput.h */ = {isa = PBXFileReference; fileEncoding = 4; lastKnownFileType = sourcecode.c.h; path = UserAuthenticationRouterInput.h; sourceTree = "<group>"; };
		62B78FA9FC2E704587231E1B /* ServiceComponentsAssembly.h */ = {isa = PBXFileReference; fileEncoding = 4; lastKnownFileType = sourcecode.c.h; path = ServiceComponentsAssembly.h; sourceTree = "<group>"; };
		74AD312AFC195273E65DC6A4 /* Info.plist */ = {isa = PBXFileReference; fileEncoding = 4; lastKnownFileType = text.plist.info; path = Info.plist; sourceTree = "<group>"; };
		74AD3235268D60C8EE3A99DE /* AppDelegate.h */ = {isa = PBXFileReference; fileEncoding = 4; lastKnownFileType = sourcecode.c.h; path = AppDelegate.h; sourceTree = "<group>"; };
		74AD33E634506C3C1611C714 /* NetworkClientImpl.m */ = {isa = PBXFileReference; fileEncoding = 4; lastKnownFileType = sourcecode.c.objc; path = NetworkClientImpl.m; sourceTree = "<group>"; };
		74AD35EC7F1FA31EFE480321 /* NetworkClientResponseSerializerImpl.m */ = {isa = PBXFileReference; fileEncoding = 4; lastKnownFileType = sourcecode.c.objc; path = NetworkClientResponseSerializerImpl.m; sourceTree = "<group>"; };
		74AD3730FD001016F9A89497 /* NetworkClient.h */ = {isa = PBXFileReference; fileEncoding = 4; lastKnownFileType = sourcecode.c.h; path = NetworkClient.h; sourceTree = "<group>"; };
		74AD389C497C9C32E509D13B /* AppDelegate.m */ = {isa = PBXFileReference; fileEncoding = 4; lastKnownFileType = sourcecode.c.objc; path = AppDelegate.m; sourceTree = "<group>"; };
		74AD3DE609985F8136282339 /* NetworkClientImpl.h */ = {isa = PBXFileReference; fileEncoding = 4; lastKnownFileType = sourcecode.c.h; path = NetworkClientImpl.h; sourceTree = "<group>"; };
		74AD3EAC61E28FF0DA25F82C /* Assets.xcassets */ = {isa = PBXFileReference; lastKnownFileType = folder.assetcatalog; path = Assets.xcassets; sourceTree = "<group>"; };
		74AD3ED472710F04968CB1BB /* NetworkClientResponseSerializer.h */ = {isa = PBXFileReference; fileEncoding = 4; lastKnownFileType = sourcecode.c.h; path = NetworkClientResponseSerializer.h; sourceTree = "<group>"; };
		74AD3F89FEF0B882EF16B9E8 /* NetworkClientResponseSerializerImpl.h */ = {isa = PBXFileReference; fileEncoding = 4; lastKnownFileType = sourcecode.c.h; path = NetworkClientResponseSerializerImpl.h; sourceTree = "<group>"; };
		93D6DEC1423CD8FC9ABE72F8 /* Pods-TVDB.release.xcconfig */ = {isa = PBXFileReference; includeInIndex = 1; lastKnownFileType = text.xcconfig; name = "Pods-TVDB.release.xcconfig"; path = "Pods/Target Support Files/Pods-TVDB/Pods-TVDB.release.xcconfig"; sourceTree = "<group>"; };
		973D9BDC1DA1701E003D4F47 /* TVDB.entitlements */ = {isa = PBXFileReference; lastKnownFileType = text.plist.entitlements; path = TVDB.entitlements; sourceTree = "<group>"; };
		AF8A3D2FE7F5E41ABBF0987E /* Pods-TVDB.debug.xcconfig */ = {isa = PBXFileReference; includeInIndex = 1; lastKnownFileType = text.xcconfig; name = "Pods-TVDB.debug.xcconfig"; path = "Pods/Target Support Files/Pods-TVDB/Pods-TVDB.debug.xcconfig"; sourceTree = "<group>"; };
		B77EE1FF1D9A8AC8006FB640 /* TVDB.app */ = {isa = PBXFileReference; explicitFileType = wrapper.application; includeInIndex = 0; path = TVDB.app; sourceTree = BUILT_PRODUCTS_DIR; };
		B77EE2031D9A8AC8006FB640 /* main.m */ = {isa = PBXFileReference; lastKnownFileType = sourcecode.c.objc; path = main.m; sourceTree = "<group>"; };
		B77EE21B1D9A8AC8006FB640 /* TVDBTests.xctest */ = {isa = PBXFileReference; explicitFileType = wrapper.cfbundle; includeInIndex = 0; path = TVDBTests.xctest; sourceTree = BUILT_PRODUCTS_DIR; };
		B77EE21F1D9A8AC8006FB640 /* TVDBTests.m */ = {isa = PBXFileReference; lastKnownFileType = sourcecode.c.objc; path = TVDBTests.m; sourceTree = "<group>"; };
		B77EE2211D9A8AC8006FB640 /* Info.plist */ = {isa = PBXFileReference; lastKnownFileType = text.plist.xml; path = Info.plist; sourceTree = "<group>"; };
		B7B160EB1D9B1DB900F68B90 /* AuthenticationUserStoryStoryboard.storyboard */ = {isa = PBXFileReference; fileEncoding = 4; lastKnownFileType = file.storyboard; path = AuthenticationUserStoryStoryboard.storyboard; sourceTree = "<group>"; };
/* End PBXFileReference section */

/* Begin PBXFrameworksBuildPhase section */
		B77EE2181D9A8AC8006FB640 /* Frameworks */ = {
			isa = PBXFrameworksBuildPhase;
			buildActionMask = 2147483647;
			files = (
			);
			runOnlyForDeploymentPostprocessing = 0;
		};
		DE297D7C55591EB02EAAB82E /* Frameworks */ = {
			isa = PBXFrameworksBuildPhase;
			buildActionMask = 2147483647;
			files = (
				9C6FE0B47A8E28CE275B1A75 /* libPods-TVDB.a in Frameworks */,
			);
			runOnlyForDeploymentPostprocessing = 0;
		};
/* End PBXFrameworksBuildPhase section */

/* Begin PBXGroup section */
		62B780840430DB49DC393EBC /* View */ = {
			isa = PBXGroup;
			children = (
				62B78DC9C6E5CD929B696EEE /* UserAuthenticationViewController.m */,
				62B78603A4406E90F47066F9 /* UserAuthenticationViewController.h */,
			);
			path = View;
			sourceTree = "<group>";
		};
		62B7809856184E90C3985018 /* RecentsTVShowsModule */ = {
			isa = PBXGroup;
			children = (
				62B7883CCFADF56AAE969458 /* View */,
				62B78C8FCEC7F25B690A691C /* ViewModel */,
				62B78B36CB4EED4280147139 /* Router */,
				62B7834C2A8886E127A7EAD4 /* Assembly */,
			);
			path = RecentsTVShowsModule;
			sourceTree = "<group>";
		};
		62B78111E6CF0C35E5D6632C /* SessionModel */ = {
			isa = PBXGroup;
			children = (
				62B78D7DBE6ED08527FF0FE6 /* SessionModel.m */,
				62B78D7B8CDDA4B8EADECC7A /* SessionModel.h */,
			);
			path = SessionModel;
			sourceTree = "<group>";
		};
		62B78147935A14D70B8549BF /* Assembly */ = {
			isa = PBXGroup;
			children = (
			);
			path = Assembly;
			sourceTree = "<group>";
		};
		62B781DF73D6CDBC4A0455C2 /* Router */ = {
			isa = PBXGroup;
			children = (
			);
			path = Router;
			sourceTree = "<group>";
		};
		62B781ECD053D4F3CDD8CA4C /* Services */ = {
			isa = PBXGroup;
			children = (
				62B78721571E9AEB77C38B40 /* ConcreteClasses */,
			);
			path = Services;
			sourceTree = "<group>";
		};
		62B782D8A9035980705752DB /* Common */ = {
			isa = PBXGroup;
			children = (
				62B786521F2E69B50BC2F94C /* Constants */,
			);
			path = Common;
			sourceTree = "<group>";
		};
		62B7834C2A8886E127A7EAD4 /* Assembly */ = {
			isa = PBXGroup;
			children = (
			);
			path = Assembly;
			sourceTree = "<group>";
		};
		62B783933B0A3706264C0E47 /* ViewModel */ = {
			isa = PBXGroup;
			children = (
				62B78F269A81D139555CA644 /* UserAuthenticationViewModelInput.h */,
				62B784B024A6E7EF8FE88294 /* UserAuthenticationViewModel.m */,
				62B78AE105F0F09307FFD9BB /* UserAuthenticationViewModel.h */,
			);
			path = ViewModel;
			sourceTree = "<group>";
		};
		62B783A3B9DC6DB33E74DBC8 /* Assemblies */ = {
			isa = PBXGroup;
			children = (
				62B78D05DE3C90A3CF65DBD7 /* CoreComponentsFactory */,
			);
			path = Assemblies;
			sourceTree = "<group>";
		};
		62B783A6D4998347E968A888 /* KeychainService */ = {
			isa = PBXGroup;
			children = (
				62B786D4799C75A2F6C44A30 /* KeychainService.h */,
				62B78A2FC4E3959F6E42B1BE /* KeychainServiceImpl.m */,
				62B780103E319EB17673F5CC /* KeychainServiceImpl.h */,
			);
			path = KeychainService;
			sourceTree = "<group>";
		};
		62B783D407445102F4CC782A /* Router */ = {
			isa = PBXGroup;
			children = (
			);
			path = Router;
			sourceTree = "<group>";
		};
		62B783EA1C0CF759171482C1 /* UserAuthenticationModule */ = {
			isa = PBXGroup;
			children = (
				62B787F9ACE5D7AEDD5182C6 /* Assembly */,
				62B780840430DB49DC393EBC /* View */,
				62B783933B0A3706264C0E47 /* ViewModel */,
				62B78591E9372B6DA3ED68C1 /* Router */,
			);
			path = UserAuthenticationModule;
			sourceTree = "<group>";
		};
		62B783F73EF89AA16F9E9ED2 /* Storyboard */ = {
			isa = PBXGroup;
			children = (
				62B78AE4EFD378BC953F380B /* TVShowsDiscoverUserStoryStoryboard.storyboard */,
			);
			path = Storyboard;
			sourceTree = "<group>";
		};
		62B78591E9372B6DA3ED68C1 /* Router */ = {
			isa = PBXGroup;
			children = (
				62B78F9F87F4BE56E1458FFD /* UserAuthenticationRouterInput.h */,
				62B78EC6BE0D557CE3396DE0 /* UserAuthenticationRouter.m */,
				62B78321C0936258E24C3BDB /* UserAuthenticationRouter.h */,
			);
			path = Router;
			sourceTree = "<group>";
		};
		62B785CB2A665BD761C8D194 /* ViewModel */ = {
			isa = PBXGroup;
			children = (
			);
			path = ViewModel;
			sourceTree = "<group>";
		};
		62B78626B36B0D22A50EAAAB /* FavoritesTVShowsModule */ = {
			isa = PBXGroup;
			children = (
				62B78A464C15C4CBA10726CE /* View */,
				62B785CB2A665BD761C8D194 /* ViewModel */,
				62B783D407445102F4CC782A /* Router */,
				62B78147935A14D70B8549BF /* Assembly */,
			);
			path = FavoritesTVShowsModule;
			sourceTree = "<group>";
		};
		62B786402BD9F6522DA866D3 /* Models */ = {
			isa = PBXGroup;
			children = (
				62B78E3596AD15AAFBA179CB /* API */,
			);
			path = Models;
			sourceTree = "<group>";
		};
		62B786521F2E69B50BC2F94C /* Constants */ = {
			isa = PBXGroup;
			children = (
				62B78694DA7D2C99F1043DBB /* SegueIdentifiersConstants.m */,
				62B78EE48986A36F2D84459C /* SegueIdentifiersConstants.h */,
			);
			path = Constants;
			sourceTree = "<group>";
		};
		62B7865E79084B350E83539D /* BusinessLogicLayer */ = {
			isa = PBXGroup;
			children = (
				62B78EF1D4C5FDEE360C9713 /* Assemblies */,
				62B781ECD053D4F3CDD8CA4C /* Services */,
			);
			path = BusinessLogicLayer;
			sourceTree = "<group>";
		};
		62B786846CC5A79628700D71 /* TVShowsDiscoverUserStory */ = {
			isa = PBXGroup;
			children = (
				62B783F73EF89AA16F9E9ED2 /* Storyboard */,
				62B78A1E49789CE40B09ACB1 /* Modules */,
			);
			path = TVShowsDiscoverUserStory;
			sourceTree = "<group>";
		};
		62B78721571E9AEB77C38B40 /* ConcreteClasses */ = {
			isa = PBXGroup;
			children = (
				62B78B4593877D415074C02D /* AuthenticationService */,
				62B783A6D4998347E968A888 /* KeychainService */,
			);
			path = ConcreteClasses;
			sourceTree = "<group>";
		};
		62B787F9ACE5D7AEDD5182C6 /* Assembly */ = {
			isa = PBXGroup;
			children = (
				62B7886391D9D0601859CD96 /* UserAuthenticationAssembly.m */,
				62B7854BA5823126DFF05D31 /* UserAuthenticationAssembly.h */,
			);
			path = Assembly;
			sourceTree = "<group>";
		};
		62B7883CCFADF56AAE969458 /* View */ = {
			isa = PBXGroup;
			children = (
			);
			path = View;
			sourceTree = "<group>";
		};
		62B788FA3B27A127B3046E59 /* Modules */ = {
			isa = PBXGroup;
			children = (
				62B783EA1C0CF759171482C1 /* UserAuthenticationModule */,
			);
			path = Modules;
			sourceTree = "<group>";
		};
		62B7890F41AC130B7C26B4CE /* View */ = {
			isa = PBXGroup;
			children = (
			);
			path = View;
			sourceTree = "<group>";
		};
		62B789A4D39F12020FFB57C8 /* Assembly */ = {
			isa = PBXGroup;
			children = (
			);
			path = Assembly;
			sourceTree = "<group>";
		};
		62B78A1E49789CE40B09ACB1 /* Modules */ = {
			isa = PBXGroup;
			children = (
				62B7809856184E90C3985018 /* RecentsTVShowsModule */,
				62B78E244FF102CA7DC7262B /* DiscoverTVShowModule */,
				62B78626B36B0D22A50EAAAB /* FavoritesTVShowsModule */,
			);
			path = Modules;
			sourceTree = "<group>";
		};
		62B78A464C15C4CBA10726CE /* View */ = {
			isa = PBXGroup;
			children = (
			);
			path = View;
			sourceTree = "<group>";
		};
		62B78B1183D0589083045D8B /* TokenModel */ = {
			isa = PBXGroup;
			children = (
				62B78C19DB8B459B030C25FE /* TokenModel.m */,
				62B788F1E60E30117465EC4C /* TokenModel.h */,
			);
			path = TokenModel;
			sourceTree = "<group>";
		};
		62B78B36CB4EED4280147139 /* Router */ = {
			isa = PBXGroup;
			children = (
			);
			path = Router;
			sourceTree = "<group>";
		};
		62B78B4593877D415074C02D /* AuthenticationService */ = {
			isa = PBXGroup;
			children = (
				62B78E53DD2347C94B8C748B /* AuthenticationService.h */,
				62B78D1EB1EAD0DB523D0233 /* AuthenticationServiceImpl.m */,
				62B78CA4EF5126F3A7233C23 /* AuthenticationServiceImpl.h */,
			);
			path = AuthenticationService;
			sourceTree = "<group>";
		};
		62B78C3849A868FEEEC2DE5E /* ModuleAssemblyBase */ = {
			isa = PBXGroup;
			children = (
				62B789C1E51A3D82EAA94E42 /* ModuleAssemblyBase.m */,
				62B785240689C18E82C523F0 /* ModuleAssemblyBase.h */,
			);
			path = ModuleAssemblyBase;
			sourceTree = "<group>";
		};
		62B78C8FCEC7F25B690A691C /* ViewModel */ = {
			isa = PBXGroup;
			children = (
			);
			path = ViewModel;
			sourceTree = "<group>";
		};
		62B78CEEE18C143F518BCB76 /* Constants */ = {
			isa = PBXGroup;
			children = (
				62B786C0B1186D15221FC7D6 /* СoreLayerConstants.h */,
				62B78305738685B06AC86076 /* СoreLayerConstants.m */,
			);
			path = Constants;
			sourceTree = "<group>";
		};
		62B78D05DE3C90A3CF65DBD7 /* CoreComponentsFactory */ = {
			isa = PBXGroup;
			children = (
				62B78803986AF287B567EF50 /* CoreComponentsFactory.h */,
				62B780507BE6F4C55E4C3765 /* CoreComponentsAssembly.m */,
				62B78C98AD4E5494CD9C18CB /* CoreComponentsAssembly.h */,
				62B78449FAB2C6AA9CF3436F /* CoreComponentsResource.plist */,
			);
			path = CoreComponentsFactory;
			sourceTree = "<group>";
		};
		62B78E1F2E8D1EE803EDAD6D /* ServiceComponentsFactory */ = {
			isa = PBXGroup;
			children = (
				62B78C9254153E87FEDA544A /* ServiceComponentsFactory.h */,
				62B78A3554D06A9ACA39B70B /* ServiceComponentsAssembly.m */,
				62B78FA9FC2E704587231E1B /* ServiceComponentsAssembly.h */,
				62B7828E4A484077A91947B3 /* ServiceComponentsResource.plist */,
			);
			path = ServiceComponentsFactory;
			sourceTree = "<group>";
		};
		62B78E244FF102CA7DC7262B /* DiscoverTVShowModule */ = {
			isa = PBXGroup;
			children = (
				62B7890F41AC130B7C26B4CE /* View */,
				62B78E9D44B54920E955C92A /* ViewModel */,
				62B781DF73D6CDBC4A0455C2 /* Router */,
				62B789A4D39F12020FFB57C8 /* Assembly */,
			);
			path = DiscoverTVShowModule;
			sourceTree = "<group>";
		};
		62B78E3596AD15AAFBA179CB /* API */ = {
			isa = PBXGroup;
			children = (
				62B78B1183D0589083045D8B /* TokenModel */,
				62B78111E6CF0C35E5D6632C /* SessionModel */,
			);
			path = API;
			sourceTree = "<group>";
		};
		62B78E8F5660EA12ADE41F27 /* StoryboardAssembly */ = {
			isa = PBXGroup;
			children = (
				62B78B65F03966A8375AA2B0 /* StoryboardAssembly.m */,
				62B7814594B047926FE69FEB /* StoryboardAssembly.h */,
			);
			path = StoryboardAssembly;
			sourceTree = "<group>";
		};
		62B78E9D44B54920E955C92A /* ViewModel */ = {
			isa = PBXGroup;
			children = (
			);
			path = ViewModel;
			sourceTree = "<group>";
		};
		62B78EF1D4C5FDEE360C9713 /* Assemblies */ = {
			isa = PBXGroup;
			children = (
				62B78E1F2E8D1EE803EDAD6D /* ServiceComponentsFactory */,
			);
			path = Assemblies;
			sourceTree = "<group>";
		};
		62B78F2F62A27A65B91AC00B /* Assemblies */ = {
			isa = PBXGroup;
			children = (
				62B78C3849A868FEEEC2DE5E /* ModuleAssemblyBase */,
				62B78E8F5660EA12ADE41F27 /* StoryboardAssembly */,
			);
			path = Assemblies;
			sourceTree = "<group>";
		};
		74AD34F5261A2435715959FE /* AppDelegate */ = {
			isa = PBXGroup;
			children = (
				74AD3235268D60C8EE3A99DE /* AppDelegate.h */,
				74AD389C497C9C32E509D13B /* AppDelegate.m */,
			);
			path = AppDelegate;
			sourceTree = "<group>";
		};
		74AD354237B44AD517247F1B /* NetworkClients */ = {
			isa = PBXGroup;
			children = (
				74AD3E09D52F240055CBDB4A /* ConcreteClasses */,
			);
			path = NetworkClients;
			sourceTree = "<group>";
		};
		74AD3696AAF7EA9524307CCB /* CoreLayer */ = {
			isa = PBXGroup;
			children = (
				74AD3A8CFFF7ED1FBA01F174 /* CoreComponents */,
				62B783A3B9DC6DB33E74DBC8 /* Assemblies */,
				62B78CEEE18C143F518BCB76 /* Constants */,
			);
			path = CoreLayer;
			sourceTree = "<group>";
		};
		74AD36B5AE57D218D0A82FC0 /* PresentationLayer */ = {
			isa = PBXGroup;
			children = (
				74AD3ABC52596F7DFA439FF6 /* UserStories */,
				62B78F2F62A27A65B91AC00B /* Assemblies */,
				62B782D8A9035980705752DB /* Common */,
			);
			path = PresentationLayer;
			sourceTree = "<group>";
		};
		74AD3A8CFFF7ED1FBA01F174 /* CoreComponents */ = {
			isa = PBXGroup;
			children = (
				74AD354237B44AD517247F1B /* NetworkClients */,
			);
			path = CoreComponents;
			sourceTree = "<group>";
		};
		74AD3ABB17AE3E58D56919DD /* ApplicationLayer */ = {
			isa = PBXGroup;
			children = (
				74AD34F5261A2435715959FE /* AppDelegate */,
			);
			path = ApplicationLayer;
			sourceTree = "<group>";
		};
		74AD3ABC52596F7DFA439FF6 /* UserStories */ = {
			isa = PBXGroup;
			children = (
				74AD3ED47618CCEAE2EB8FC5 /* AuthenticationUserStory */,
				62B786846CC5A79628700D71 /* TVShowsDiscoverUserStory */,
			);
			path = UserStories;
			sourceTree = "<group>";
		};
		74AD3AC60895DF8DD68D447D /* Classes */ = {
			isa = PBXGroup;
			children = (
				74AD3ABB17AE3E58D56919DD /* ApplicationLayer */,
				74AD3696AAF7EA9524307CCB /* CoreLayer */,
				74AD36B5AE57D218D0A82FC0 /* PresentationLayer */,
				62B786402BD9F6522DA866D3 /* Models */,
				62B7865E79084B350E83539D /* BusinessLogicLayer */,
			);
			path = Classes;
			sourceTree = "<group>";
		};
		74AD3B4F70D09FFE1AE99313 /* Storyboard */ = {
			isa = PBXGroup;
			children = (
				B7B160EB1D9B1DB900F68B90 /* AuthenticationUserStoryStoryboard.storyboard */,
			);
			path = Storyboard;
			sourceTree = "<group>";
		};
		74AD3BCFB3FECAEB3C98491E /* Resources */ = {
			isa = PBXGroup;
			children = (
				74AD3EAC61E28FF0DA25F82C /* Assets.xcassets */,
			);
			path = Resources;
			sourceTree = "<group>";
		};
		74AD3D3B8EADEE0BC40EF80A /* NetworkClient */ = {
			isa = PBXGroup;
			children = (
				74AD3DE609985F8136282339 /* NetworkClientImpl.h */,
				74AD33E634506C3C1611C714 /* NetworkClientImpl.m */,
				74AD3730FD001016F9A89497 /* NetworkClient.h */,
			);
			path = NetworkClient;
			sourceTree = "<group>";
		};
		74AD3E09D52F240055CBDB4A /* ConcreteClasses */ = {
			isa = PBXGroup;
			children = (
				74AD3D3B8EADEE0BC40EF80A /* NetworkClient */,
				74AD3E77825CBED9C09466B2 /* NetworkClientResponseSerializer */,
			);
			path = ConcreteClasses;
			sourceTree = "<group>";
		};
		74AD3E77825CBED9C09466B2 /* NetworkClientResponseSerializer */ = {
			isa = PBXGroup;
			children = (
				74AD3F89FEF0B882EF16B9E8 /* NetworkClientResponseSerializerImpl.h */,
				74AD35EC7F1FA31EFE480321 /* NetworkClientResponseSerializerImpl.m */,
				74AD3ED472710F04968CB1BB /* NetworkClientResponseSerializer.h */,
			);
			path = NetworkClientResponseSerializer;
			sourceTree = "<group>";
		};
		74AD3ED47618CCEAE2EB8FC5 /* AuthenticationUserStory */ = {
			isa = PBXGroup;
			children = (
				74AD3B4F70D09FFE1AE99313 /* Storyboard */,
				62B788FA3B27A127B3046E59 /* Modules */,
			);
			path = AuthenticationUserStory;
			sourceTree = "<group>";
		};
		B77EE1F61D9A8AC8006FB640 = {
			isa = PBXGroup;
			children = (
				B77EE2011D9A8AC8006FB640 /* TVDB */,
				B77EE21E1D9A8AC8006FB640 /* TVDBTests */,
				B77EE2001D9A8AC8006FB640 /* Products */,
				E800AFAA6ACC5B136CE3B77A /* Frameworks */,
				D031C6A936681A89AFEE83C7 /* Pods */,
			);
			sourceTree = "<group>";
		};
		B77EE2001D9A8AC8006FB640 /* Products */ = {
			isa = PBXGroup;
			children = (
				B77EE1FF1D9A8AC8006FB640 /* TVDB.app */,
				B77EE21B1D9A8AC8006FB640 /* TVDBTests.xctest */,
			);
			name = Products;
			sourceTree = "<group>";
		};
		B77EE2011D9A8AC8006FB640 /* TVDB */ = {
			isa = PBXGroup;
			children = (
				973D9BDC1DA1701E003D4F47 /* TVDB.entitlements */,
				74AD3AC60895DF8DD68D447D /* Classes */,
				74AD3BCFB3FECAEB3C98491E /* Resources */,
				B77EE2021D9A8AC8006FB640 /* Supporting Files */,
			);
			path = TVDB;
			sourceTree = "<group>";
		};
		B77EE2021D9A8AC8006FB640 /* Supporting Files */ = {
			isa = PBXGroup;
			children = (
				B77EE2031D9A8AC8006FB640 /* main.m */,
				74AD312AFC195273E65DC6A4 /* Info.plist */,
			);
			name = "Supporting Files";
			sourceTree = "<group>";
		};
		B77EE21E1D9A8AC8006FB640 /* TVDBTests */ = {
			isa = PBXGroup;
			children = (
				B77EE21F1D9A8AC8006FB640 /* TVDBTests.m */,
				B77EE2211D9A8AC8006FB640 /* Info.plist */,
			);
			path = TVDBTests;
			sourceTree = "<group>";
		};
		D031C6A936681A89AFEE83C7 /* Pods */ = {
			isa = PBXGroup;
			children = (
				AF8A3D2FE7F5E41ABBF0987E /* Pods-TVDB.debug.xcconfig */,
				93D6DEC1423CD8FC9ABE72F8 /* Pods-TVDB.release.xcconfig */,
			);
			name = Pods;
			sourceTree = "<group>";
		};
		E800AFAA6ACC5B136CE3B77A /* Frameworks */ = {
			isa = PBXGroup;
			children = (
				0375AF4AFEC73F1342472498 /* libPods-TVDB.a */,
				5ABBC0EB1F89DEF3F3D1F22C /* libPods-TVDBTests.a */,
			);
			name = Frameworks;
			sourceTree = "<group>";
		};
/* End PBXGroup section */

/* Begin PBXNativeTarget section */
		B77EE1FE1D9A8AC8006FB640 /* TVDB */ = {
			isa = PBXNativeTarget;
			buildConfigurationList = B77EE2241D9A8AC8006FB640 /* Build configuration list for PBXNativeTarget "TVDB" */;
			buildPhases = (
				E51377B05836F99262D9ECB5 /* [CP] Check Pods Manifest.lock */,
				B77EE1FB1D9A8AC8006FB640 /* Sources */,
				B77EE1FD1D9A8AC8006FB640 /* Resources */,
				DE297D7C55591EB02EAAB82E /* Frameworks */,
				E7F00D83883AABDED0162128 /* [CP] Embed Pods Frameworks */,
				34AA85BD85329DCA65FC0664 /* [CP] Copy Pods Resources */,
			);
			buildRules = (
			);
			dependencies = (
			);
			name = TVDB;
			productName = TVDB;
			productReference = B77EE1FF1D9A8AC8006FB640 /* TVDB.app */;
			productType = "com.apple.product-type.application";
		};
		B77EE21A1D9A8AC8006FB640 /* TVDBTests */ = {
			isa = PBXNativeTarget;
			buildConfigurationList = B77EE2271D9A8AC8006FB640 /* Build configuration list for PBXNativeTarget "TVDBTests" */;
			buildPhases = (
				B77EE2171D9A8AC8006FB640 /* Sources */,
				B77EE2181D9A8AC8006FB640 /* Frameworks */,
				B77EE2191D9A8AC8006FB640 /* Resources */,
			);
			buildRules = (
			);
			dependencies = (
				B77EE21D1D9A8AC8006FB640 /* PBXTargetDependency */,
			);
			name = TVDBTests;
			productName = TVDBTests;
			productReference = B77EE21B1D9A8AC8006FB640 /* TVDBTests.xctest */;
			productType = "com.apple.product-type.bundle.unit-test";
		};
/* End PBXNativeTarget section */

/* Begin PBXProject section */
		B77EE1F71D9A8AC8006FB640 /* Project object */ = {
			isa = PBXProject;
			attributes = {
				LastUpgradeCheck = 0800;
				ORGANIZATIONNAME = "Igor Vasilenko";
				TargetAttributes = {
					B77EE1FE1D9A8AC8006FB640 = {
						CreatedOnToolsVersion = 8.0;
						DevelopmentTeam = XQ9P3KDDUW;
						ProvisioningStyle = Automatic;
						SystemCapabilities = {
							com.apple.Keychain = {
								enabled = 1;
							};
							com.apple.iCloud = {
								enabled = 1;
							};
						};
					};
					B77EE21A1D9A8AC8006FB640 = {
						CreatedOnToolsVersion = 8.0;
						DevelopmentTeam = XQ9P3KDDUW;
						ProvisioningStyle = Automatic;
						TestTargetID = B77EE1FE1D9A8AC8006FB640;
					};
				};
			};
			buildConfigurationList = B77EE1FA1D9A8AC8006FB640 /* Build configuration list for PBXProject "TVDB" */;
			compatibilityVersion = "Xcode 3.2";
			developmentRegion = English;
			hasScannedForEncodings = 0;
			knownRegions = (
				en,
				Base,
			);
			mainGroup = B77EE1F61D9A8AC8006FB640;
			productRefGroup = B77EE2001D9A8AC8006FB640 /* Products */;
			projectDirPath = "";
			projectRoot = "";
			targets = (
				B77EE1FE1D9A8AC8006FB640 /* TVDB */,
				B77EE21A1D9A8AC8006FB640 /* TVDBTests */,
			);
		};
/* End PBXProject section */

/* Begin PBXResourcesBuildPhase section */
		B77EE1FD1D9A8AC8006FB640 /* Resources */ = {
			isa = PBXResourcesBuildPhase;
			buildActionMask = 2147483647;
			files = (
				B7B160EC1D9B1DB900F68B90 /* AuthenticationUserStoryStoryboard.storyboard in Resources */,
				74AD3C43F87FF2D85E0B7153 /* Assets.xcassets in Resources */,
				62B788678295B0CD734F2C37 /* CoreComponentsResource.plist in Resources */,
				62B789D0449E5FFB7AE85BCF /* ServiceComponentsResource.plist in Resources */,
				62B78DA7A7B8E353341C13FD /* TVShowsDiscoverUserStoryStoryboard.storyboard in Resources */,
			);
			runOnlyForDeploymentPostprocessing = 0;
		};
		B77EE2191D9A8AC8006FB640 /* Resources */ = {
			isa = PBXResourcesBuildPhase;
			buildActionMask = 2147483647;
			files = (
			);
			runOnlyForDeploymentPostprocessing = 0;
		};
/* End PBXResourcesBuildPhase section */

/* Begin PBXShellScriptBuildPhase section */
		34AA85BD85329DCA65FC0664 /* [CP] Copy Pods Resources */ = {
			isa = PBXShellScriptBuildPhase;
			buildActionMask = 2147483647;
			files = (
			);
			inputPaths = (
			);
			name = "[CP] Copy Pods Resources";
			outputPaths = (
			);
			runOnlyForDeploymentPostprocessing = 0;
			shellPath = /bin/sh;
			shellScript = "\"${SRCROOT}/Pods/Target Support Files/Pods-TVDB/Pods-TVDB-resources.sh\"\n";
			showEnvVarsInLog = 0;
		};
		E51377B05836F99262D9ECB5 /* [CP] Check Pods Manifest.lock */ = {
			isa = PBXShellScriptBuildPhase;
			buildActionMask = 2147483647;
			files = (
			);
			inputPaths = (
			);
			name = "[CP] Check Pods Manifest.lock";
			outputPaths = (
			);
			runOnlyForDeploymentPostprocessing = 0;
			shellPath = /bin/sh;
			shellScript = "diff \"${PODS_ROOT}/../Podfile.lock\" \"${PODS_ROOT}/Manifest.lock\" > /dev/null\nif [[ $? != 0 ]] ; then\n    cat << EOM\nerror: The sandbox is not in sync with the Podfile.lock. Run 'pod install' or update your CocoaPods installation.\nEOM\n    exit 1\nfi\n";
			showEnvVarsInLog = 0;
		};
		E7F00D83883AABDED0162128 /* [CP] Embed Pods Frameworks */ = {
			isa = PBXShellScriptBuildPhase;
			buildActionMask = 2147483647;
			files = (
			);
			inputPaths = (
			);
			name = "[CP] Embed Pods Frameworks";
			outputPaths = (
			);
			runOnlyForDeploymentPostprocessing = 0;
			shellPath = /bin/sh;
			shellScript = "\"${SRCROOT}/Pods/Target Support Files/Pods-TVDB/Pods-TVDB-frameworks.sh\"\n";
			showEnvVarsInLog = 0;
		};
/* End PBXShellScriptBuildPhase section */

/* Begin PBXSourcesBuildPhase section */
		B77EE1FB1D9A8AC8006FB640 /* Sources */ = {
			isa = PBXSourcesBuildPhase;
			buildActionMask = 2147483647;
			files = (
				B77EE2041D9A8AC8006FB640 /* main.m in Sources */,
				74AD33EA5708F194101E6CF7 /* AppDelegate.m in Sources */,
				74AD380EB8C003CE78166B0A /* NetworkClientImpl.m in Sources */,
				74AD366EB96040FFC655746E /* NetworkClientResponseSerializerImpl.m in Sources */,
				62B782286D9815A367C9D1DB /* CoreComponentsAssembly.m in Sources */,
				62B78A217EC7801E85F16706 /* AuthenticationServiceImpl.m in Sources */,
				62B7808116B07BDDFE115471 /* TokenModel.m in Sources */,
				62B78BF4B95887944CFE4E60 /* SessionModel.m in Sources */,
				62B7835BA7672CAFD42F9767 /* ServiceComponentsAssembly.m in Sources */,
				62B7888B7E4B7765D4594E29 /* СoreLayerConstants.m in Sources */,
				62B78CF7FDDBDD6F46ED0D75 /* KeychainServiceImpl.m in Sources */,
				62B781A35779FF35A686CDFA /* ModuleAssemblyBase.m in Sources */,
				62B78166F5B62D034994E445 /* StoryboardAssembly.m in Sources */,
				62B78F0EBFE2765487DAFC58 /* UserAuthenticationAssembly.m in Sources */,
				62B7890E7A5B05AF3197014D /* UserAuthenticationViewController.m in Sources */,
				62B789AD61B760C8EDA075F2 /* UserAuthenticationViewModel.m in Sources */,
				62B78AEC65209659C28B5B3C /* UserAuthenticationRouter.m in Sources */,
				62B78FF89404422F56FF7070 /* SegueIdentifiersConstants.m in Sources */,
			);
			runOnlyForDeploymentPostprocessing = 0;
		};
		B77EE2171D9A8AC8006FB640 /* Sources */ = {
			isa = PBXSourcesBuildPhase;
			buildActionMask = 2147483647;
			files = (
				B77EE2201D9A8AC8006FB640 /* TVDBTests.m in Sources */,
			);
			runOnlyForDeploymentPostprocessing = 0;
		};
/* End PBXSourcesBuildPhase section */

/* Begin PBXTargetDependency section */
		B77EE21D1D9A8AC8006FB640 /* PBXTargetDependency */ = {
			isa = PBXTargetDependency;
			target = B77EE1FE1D9A8AC8006FB640 /* TVDB */;
			targetProxy = B77EE21C1D9A8AC8006FB640 /* PBXContainerItemProxy */;
		};
/* End PBXTargetDependency section */

/* Begin XCBuildConfiguration section */
		B77EE2221D9A8AC8006FB640 /* Debug */ = {
			isa = XCBuildConfiguration;
			buildSettings = {
				ALWAYS_SEARCH_USER_PATHS = NO;
				CLANG_ANALYZER_NONNULL = YES;
				CLANG_CXX_LANGUAGE_STANDARD = "gnu++0x";
				CLANG_CXX_LIBRARY = "libc++";
				CLANG_ENABLE_MODULES = YES;
				CLANG_ENABLE_OBJC_ARC = YES;
				CLANG_WARN_BOOL_CONVERSION = YES;
				CLANG_WARN_CONSTANT_CONVERSION = YES;
				CLANG_WARN_DIRECT_OBJC_ISA_USAGE = YES_ERROR;
				CLANG_WARN_DOCUMENTATION_COMMENTS = YES;
				CLANG_WARN_EMPTY_BODY = YES;
				CLANG_WARN_ENUM_CONVERSION = YES;
				CLANG_WARN_INFINITE_RECURSION = YES;
				CLANG_WARN_INT_CONVERSION = YES;
				CLANG_WARN_OBJC_ROOT_CLASS = YES_ERROR;
				CLANG_WARN_SUSPICIOUS_MOVES = YES;
				CLANG_WARN_UNREACHABLE_CODE = YES;
				CLANG_WARN__DUPLICATE_METHOD_MATCH = YES;
				"CODE_SIGN_IDENTITY[sdk=iphoneos*]" = "iPhone Developer";
				COPY_PHASE_STRIP = NO;
				DEBUG_INFORMATION_FORMAT = dwarf;
				ENABLE_STRICT_OBJC_MSGSEND = YES;
				ENABLE_TESTABILITY = YES;
				GCC_C_LANGUAGE_STANDARD = gnu99;
				GCC_DYNAMIC_NO_PIC = NO;
				GCC_NO_COMMON_BLOCKS = YES;
				GCC_OPTIMIZATION_LEVEL = 0;
				GCC_PREPROCESSOR_DEFINITIONS = (
					"DEBUG=1",
					"$(inherited)",
				);
				GCC_WARN_64_TO_32_BIT_CONVERSION = YES;
				GCC_WARN_ABOUT_RETURN_TYPE = YES_ERROR;
				GCC_WARN_UNDECLARED_SELECTOR = YES;
				GCC_WARN_UNINITIALIZED_AUTOS = YES_AGGRESSIVE;
				GCC_WARN_UNUSED_FUNCTION = YES;
				GCC_WARN_UNUSED_VARIABLE = YES;
				IPHONEOS_DEPLOYMENT_TARGET = 10.0;
				MTL_ENABLE_DEBUG_INFO = YES;
				ONLY_ACTIVE_ARCH = YES;
				SDKROOT = iphoneos;
				TARGETED_DEVICE_FAMILY = "1,2";
			};
			name = Debug;
		};
		B77EE2231D9A8AC8006FB640 /* Release */ = {
			isa = XCBuildConfiguration;
			buildSettings = {
				ALWAYS_SEARCH_USER_PATHS = NO;
				CLANG_ANALYZER_NONNULL = YES;
				CLANG_CXX_LANGUAGE_STANDARD = "gnu++0x";
				CLANG_CXX_LIBRARY = "libc++";
				CLANG_ENABLE_MODULES = YES;
				CLANG_ENABLE_OBJC_ARC = YES;
				CLANG_WARN_BOOL_CONVERSION = YES;
				CLANG_WARN_CONSTANT_CONVERSION = YES;
				CLANG_WARN_DIRECT_OBJC_ISA_USAGE = YES_ERROR;
				CLANG_WARN_DOCUMENTATION_COMMENTS = YES;
				CLANG_WARN_EMPTY_BODY = YES;
				CLANG_WARN_ENUM_CONVERSION = YES;
				CLANG_WARN_INFINITE_RECURSION = YES;
				CLANG_WARN_INT_CONVERSION = YES;
				CLANG_WARN_OBJC_ROOT_CLASS = YES_ERROR;
				CLANG_WARN_SUSPICIOUS_MOVES = YES;
				CLANG_WARN_UNREACHABLE_CODE = YES;
				CLANG_WARN__DUPLICATE_METHOD_MATCH = YES;
				"CODE_SIGN_IDENTITY[sdk=iphoneos*]" = "iPhone Developer";
				COPY_PHASE_STRIP = NO;
				DEBUG_INFORMATION_FORMAT = "dwarf-with-dsym";
				ENABLE_NS_ASSERTIONS = NO;
				ENABLE_STRICT_OBJC_MSGSEND = YES;
				GCC_C_LANGUAGE_STANDARD = gnu99;
				GCC_NO_COMMON_BLOCKS = YES;
				GCC_WARN_64_TO_32_BIT_CONVERSION = YES;
				GCC_WARN_ABOUT_RETURN_TYPE = YES_ERROR;
				GCC_WARN_UNDECLARED_SELECTOR = YES;
				GCC_WARN_UNINITIALIZED_AUTOS = YES_AGGRESSIVE;
				GCC_WARN_UNUSED_FUNCTION = YES;
				GCC_WARN_UNUSED_VARIABLE = YES;
				IPHONEOS_DEPLOYMENT_TARGET = 10.0;
				MTL_ENABLE_DEBUG_INFO = NO;
				SDKROOT = iphoneos;
				TARGETED_DEVICE_FAMILY = "1,2";
				VALIDATE_PRODUCT = YES;
			};
			name = Release;
		};
		B77EE2251D9A8AC8006FB640 /* Debug */ = {
			isa = XCBuildConfiguration;
			baseConfigurationReference = AF8A3D2FE7F5E41ABBF0987E /* Pods-TVDB.debug.xcconfig */;
			buildSettings = {
				ASSETCATALOG_COMPILER_APPICON_NAME = AppIcon;
				CODE_SIGN_ENTITLEMENTS = TVDB/TVDB.entitlements;
				DEVELOPMENT_TEAM = XQ9P3KDDUW;
				INFOPLIST_FILE = TVDB/Info.plist;
				LD_RUNPATH_SEARCH_PATHS = "$(inherited) @executable_path/Frameworks";
				PRODUCT_BUNDLE_IDENTIFIER = IgorVasilenko.com.TVDB;
				PRODUCT_NAME = "$(TARGET_NAME)";
			};
			name = Debug;
		};
		B77EE2261D9A8AC8006FB640 /* Release */ = {
			isa = XCBuildConfiguration;
			baseConfigurationReference = 93D6DEC1423CD8FC9ABE72F8 /* Pods-TVDB.release.xcconfig */;
			buildSettings = {
				ASSETCATALOG_COMPILER_APPICON_NAME = AppIcon;
				CODE_SIGN_ENTITLEMENTS = TVDB/TVDB.entitlements;
				DEVELOPMENT_TEAM = XQ9P3KDDUW;
				INFOPLIST_FILE = TVDB/Info.plist;
				LD_RUNPATH_SEARCH_PATHS = "$(inherited) @executable_path/Frameworks";
				PRODUCT_BUNDLE_IDENTIFIER = IgorVasilenko.com.TVDB;
				PRODUCT_NAME = "$(TARGET_NAME)";
			};
			name = Release;
		};
		B77EE2281D9A8AC8006FB640 /* Debug */ = {
			isa = XCBuildConfiguration;
			buildSettings = {
				BUNDLE_LOADER = "$(TEST_HOST)";
				DEVELOPMENT_TEAM = XQ9P3KDDUW;
				INFOPLIST_FILE = TVDBTests/Info.plist;
				LD_RUNPATH_SEARCH_PATHS = "$(inherited) @executable_path/Frameworks @loader_path/Frameworks";
				PRODUCT_BUNDLE_IDENTIFIER = IgorVasilenko.com.TVDBTests;
				PRODUCT_NAME = "$(TARGET_NAME)";
				TEST_HOST = "$(BUILT_PRODUCTS_DIR)/TVDB.app/TVDB";
			};
			name = Debug;
		};
		B77EE2291D9A8AC8006FB640 /* Release */ = {
			isa = XCBuildConfiguration;
			buildSettings = {
				BUNDLE_LOADER = "$(TEST_HOST)";
				DEVELOPMENT_TEAM = XQ9P3KDDUW;
				INFOPLIST_FILE = TVDBTests/Info.plist;
				LD_RUNPATH_SEARCH_PATHS = "$(inherited) @executable_path/Frameworks @loader_path/Frameworks";
				PRODUCT_BUNDLE_IDENTIFIER = IgorVasilenko.com.TVDBTests;
				PRODUCT_NAME = "$(TARGET_NAME)";
				TEST_HOST = "$(BUILT_PRODUCTS_DIR)/TVDB.app/TVDB";
			};
			name = Release;
		};
/* End XCBuildConfiguration section */

/* Begin XCConfigurationList section */
		B77EE1FA1D9A8AC8006FB640 /* Build configuration list for PBXProject "TVDB" */ = {
			isa = XCConfigurationList;
			buildConfigurations = (
				B77EE2221D9A8AC8006FB640 /* Debug */,
				B77EE2231D9A8AC8006FB640 /* Release */,
			);
			defaultConfigurationIsVisible = 0;
			defaultConfigurationName = Release;
		};
		B77EE2241D9A8AC8006FB640 /* Build configuration list for PBXNativeTarget "TVDB" */ = {
			isa = XCConfigurationList;
			buildConfigurations = (
				B77EE2251D9A8AC8006FB640 /* Debug */,
				B77EE2261D9A8AC8006FB640 /* Release */,
			);
			defaultConfigurationIsVisible = 0;
			defaultConfigurationName = Release;
		};
		B77EE2271D9A8AC8006FB640 /* Build configuration list for PBXNativeTarget "TVDBTests" */ = {
			isa = XCConfigurationList;
			buildConfigurations = (
				B77EE2281D9A8AC8006FB640 /* Debug */,
				B77EE2291D9A8AC8006FB640 /* Release */,
			);
			defaultConfigurationIsVisible = 0;
			defaultConfigurationName = Release;
		};
/* End XCConfigurationList section */
	};
	rootObject = B77EE1F71D9A8AC8006FB640 /* Project object */;
}
