// !$*UTF8*$!
{
	archiveVersion = 1;
	classes = {
	};
	objectVersion = 46;
	objects = {

/* Begin PBXBuildFile section */
		0A8773CEF0141FE7BB6C31B4 /* Pods_TVDB.framework in Frameworks */ = {isa = PBXBuildFile; fileRef = 55D1E4A96C0D96DD84A7D9A5 /* Pods_TVDB.framework */; settings = {ATTRIBUTES = (Weak, ); }; };
		74AD33EA5708F194101E6CF7 /* AppDelegate.m in Sources */ = {isa = PBXBuildFile; fileRef = 74AD389C497C9C32E509D13B /* AppDelegate.m */; };
		74AD34A9BC42DB2A4FF9B4AE /* SerialsUserStoryStoryboard.storyboard in Resources */ = {isa = PBXBuildFile; fileRef = 74AD33A1E6FB1958A96CC03A /* SerialsUserStoryStoryboard.storyboard */; };
		74AD366EB96040FFC655746E /* NetworkClientResponseSerializerImpl.m in Sources */ = {isa = PBXBuildFile; fileRef = 74AD35EC7F1FA31EFE480321 /* NetworkClientResponseSerializerImpl.m */; };
		74AD380EB8C003CE78166B0A /* NetworkClientImpl.m in Sources */ = {isa = PBXBuildFile; fileRef = 74AD33E634506C3C1611C714 /* NetworkClientImpl.m */; };
		74AD3C43F87FF2D85E0B7153 /* Assets.xcassets in Resources */ = {isa = PBXBuildFile; fileRef = 74AD3EAC61E28FF0DA25F82C /* Assets.xcassets */; };
		74AD3CD598BE722C65B59B66 /* LaunchScreen.storyboard in Resources */ = {isa = PBXBuildFile; fileRef = 74AD3C290B07602F9E0F9FE2 /* LaunchScreen.storyboard */; };
		74AD3FEE1C477A7C5D885BF5 /* StringConstants.m in Sources */ = {isa = PBXBuildFile; fileRef = 74AD3EEBC5BE15A654FF9F56 /* StringConstants.m */; };
		B77EE2041D9A8AC8006FB640 /* main.m in Sources */ = {isa = PBXBuildFile; fileRef = B77EE2031D9A8AC8006FB640 /* main.m */; };
		B77EE2201D9A8AC8006FB640 /* TVDBTests.m in Sources */ = {isa = PBXBuildFile; fileRef = B77EE21F1D9A8AC8006FB640 /* TVDBTests.m */; };
		B7B160EC1D9B1DB900F68B90 /* AuthorizationUserStoryStoryboard.storyboard in Resources */ = {isa = PBXBuildFile; fileRef = B7B160EB1D9B1DB900F68B90 /* AuthorizationUserStoryStoryboard.storyboard */; };
		C99C5CD1746CFB902BCA4A1C /* Pods_TVDBTests.framework in Frameworks */ = {isa = PBXBuildFile; fileRef = 6902A40F4E34A7B92CC0159C /* Pods_TVDBTests.framework */; settings = {ATTRIBUTES = (Weak, ); }; };
/* End PBXBuildFile section */

/* Begin PBXContainerItemProxy section */
		B77EE21C1D9A8AC8006FB640 /* PBXContainerItemProxy */ = {
			isa = PBXContainerItemProxy;
			containerPortal = B77EE1F71D9A8AC8006FB640 /* Project object */;
			proxyType = 1;
			remoteGlobalIDString = B77EE1FE1D9A8AC8006FB640;
			remoteInfo = TVDB;
		};
/* End PBXContainerItemProxy section */

/* Begin PBXFileReference section */
		55D1E4A96C0D96DD84A7D9A5 /* Pods_TVDB.framework */ = {isa = PBXFileReference; explicitFileType = wrapper.framework; includeInIndex = 0; path = Pods_TVDB.framework; sourceTree = BUILT_PRODUCTS_DIR; };
		6902A40F4E34A7B92CC0159C /* Pods_TVDBTests.framework */ = {isa = PBXFileReference; explicitFileType = wrapper.framework; includeInIndex = 0; path = Pods_TVDBTests.framework; sourceTree = BUILT_PRODUCTS_DIR; };
		74AD312AFC195273E65DC6A4 /* Info.plist */ = {isa = PBXFileReference; fileEncoding = 4; lastKnownFileType = text.plist.info; path = Info.plist; sourceTree = "<group>"; };
		74AD3177A0F557B2A2F54915 /* Base */ = {isa = PBXFileReference; lastKnownFileType = file.storyboard; name = Base; path = TVDB/Base.lproj/LaunchScreen.storyboard; sourceTree = SOURCE_ROOT; };
		74AD31CEA66E17DE07503F5B /* Base */ = {isa = PBXFileReference; lastKnownFileType = file.storyboard; name = Base; path = TVDB/Base.lproj/SerialsUserStoryStoryboard.storyboard; sourceTree = SOURCE_ROOT; };
		74AD3235268D60C8EE3A99DE /* AppDelegate.h */ = {isa = PBXFileReference; fileEncoding = 4; lastKnownFileType = sourcecode.c.h; path = AppDelegate.h; sourceTree = "<group>"; };
		74AD33E634506C3C1611C714 /* NetworkClientImpl.m */ = {isa = PBXFileReference; fileEncoding = 4; lastKnownFileType = sourcecode.c.objc; path = NetworkClientImpl.m; sourceTree = "<group>"; };
		74AD34BC8CE41759D26B4438 /* StringConstants.h */ = {isa = PBXFileReference; fileEncoding = 4; lastKnownFileType = sourcecode.c.h; path = StringConstants.h; sourceTree = "<group>"; };
		74AD35EC7F1FA31EFE480321 /* NetworkClientResponseSerializerImpl.m */ = {isa = PBXFileReference; fileEncoding = 4; lastKnownFileType = sourcecode.c.objc; path = NetworkClientResponseSerializerImpl.m; sourceTree = "<group>"; };
		74AD3730FD001016F9A89497 /* NetworkClient.h */ = {isa = PBXFileReference; fileEncoding = 4; lastKnownFileType = sourcecode.c.h; path = NetworkClient.h; sourceTree = "<group>"; };
		74AD389C497C9C32E509D13B /* AppDelegate.m */ = {isa = PBXFileReference; fileEncoding = 4; lastKnownFileType = sourcecode.c.objc; path = AppDelegate.m; sourceTree = "<group>"; };
		74AD3DE609985F8136282339 /* NetworkClientImpl.h */ = {isa = PBXFileReference; fileEncoding = 4; lastKnownFileType = sourcecode.c.h; path = NetworkClientImpl.h; sourceTree = "<group>"; };
		74AD3EAC61E28FF0DA25F82C /* Assets.xcassets */ = {isa = PBXFileReference; lastKnownFileType = folder.assetcatalog; path = Assets.xcassets; sourceTree = "<group>"; };
		74AD3ED472710F04968CB1BB /* NetworkClientResponseSerializer.h */ = {isa = PBXFileReference; fileEncoding = 4; lastKnownFileType = sourcecode.c.h; path = NetworkClientResponseSerializer.h; sourceTree = "<group>"; };
		74AD3EEBC5BE15A654FF9F56 /* StringConstants.m */ = {isa = PBXFileReference; fileEncoding = 4; lastKnownFileType = sourcecode.c.objc; path = StringConstants.m; sourceTree = "<group>"; };
		74AD3F89FEF0B882EF16B9E8 /* NetworkClientResponseSerializerImpl.h */ = {isa = PBXFileReference; fileEncoding = 4; lastKnownFileType = sourcecode.c.h; path = NetworkClientResponseSerializerImpl.h; sourceTree = "<group>"; };
		7C5C0B8B2A6D09D2F94BB5D5 /* Pods-TVDBTests.release.xcconfig */ = {isa = PBXFileReference; includeInIndex = 1; lastKnownFileType = text.xcconfig; name = "Pods-TVDBTests.release.xcconfig"; path = "Pods/Target Support Files/Pods-TVDBTests/Pods-TVDBTests.release.xcconfig"; sourceTree = "<group>"; };
		91B3915730D872C24017C5D1 /* Pods-TVDB.debug.xcconfig */ = {isa = PBXFileReference; includeInIndex = 1; lastKnownFileType = text.xcconfig; name = "Pods-TVDB.debug.xcconfig"; path = "Pods/Target Support Files/Pods-TVDB/Pods-TVDB.debug.xcconfig"; sourceTree = "<group>"; };
		B77EE1FF1D9A8AC8006FB640 /* TVDB.app */ = {isa = PBXFileReference; explicitFileType = wrapper.application; includeInIndex = 0; path = TVDB.app; sourceTree = BUILT_PRODUCTS_DIR; };
		B77EE2031D9A8AC8006FB640 /* main.m */ = {isa = PBXFileReference; lastKnownFileType = sourcecode.c.objc; path = main.m; sourceTree = "<group>"; };
		B77EE21B1D9A8AC8006FB640 /* TVDBTests.xctest */ = {isa = PBXFileReference; explicitFileType = wrapper.cfbundle; includeInIndex = 0; path = TVDBTests.xctest; sourceTree = BUILT_PRODUCTS_DIR; };
		B77EE21F1D9A8AC8006FB640 /* TVDBTests.m */ = {isa = PBXFileReference; lastKnownFileType = sourcecode.c.objc; path = TVDBTests.m; sourceTree = "<group>"; };
		B77EE2211D9A8AC8006FB640 /* Info.plist */ = {isa = PBXFileReference; lastKnownFileType = text.plist.xml; path = Info.plist; sourceTree = "<group>"; };
		B7B160EB1D9B1DB900F68B90 /* AuthorizationUserStoryStoryboard.storyboard */ = {isa = PBXFileReference; fileEncoding = 4; lastKnownFileType = file.storyboard; path = AuthorizationUserStoryStoryboard.storyboard; sourceTree = "<group>"; };
		D023D65CF80AD63E174C773C /* Pods-TVDBTests.debug.xcconfig */ = {isa = PBXFileReference; includeInIndex = 1; lastKnownFileType = text.xcconfig; name = "Pods-TVDBTests.debug.xcconfig"; path = "Pods/Target Support Files/Pods-TVDBTests/Pods-TVDBTests.debug.xcconfig"; sourceTree = "<group>"; };
		F70B407D341B9CF217786C94 /* Pods-TVDB.release.xcconfig */ = {isa = PBXFileReference; includeInIndex = 1; lastKnownFileType = text.xcconfig; name = "Pods-TVDB.release.xcconfig"; path = "Pods/Target Support Files/Pods-TVDB/Pods-TVDB.release.xcconfig"; sourceTree = "<group>"; };
/* End PBXFileReference section */

/* Begin PBXFrameworksBuildPhase section */
		B77EE1FC1D9A8AC8006FB640 /* Frameworks */ = {
			isa = PBXFrameworksBuildPhase;
			buildActionMask = 2147483647;
			files = (
				0A8773CEF0141FE7BB6C31B4 /* Pods_TVDB.framework in Frameworks */,
			);
			runOnlyForDeploymentPostprocessing = 0;
		};
		B77EE2181D9A8AC8006FB640 /* Frameworks */ = {
			isa = PBXFrameworksBuildPhase;
			buildActionMask = 2147483647;
			files = (
				C99C5CD1746CFB902BCA4A1C /* Pods_TVDBTests.framework in Frameworks */,
			);
			runOnlyForDeploymentPostprocessing = 0;
		};
/* End PBXFrameworksBuildPhase section */

/* Begin PBXGroup section */
		4D401E5861B57232D6A9ABDA /* Pods */ = {
			isa = PBXGroup;
			children = (
				91B3915730D872C24017C5D1 /* Pods-TVDB.debug.xcconfig */,
				F70B407D341B9CF217786C94 /* Pods-TVDB.release.xcconfig */,
				D023D65CF80AD63E174C773C /* Pods-TVDBTests.debug.xcconfig */,
				7C5C0B8B2A6D09D2F94BB5D5 /* Pods-TVDBTests.release.xcconfig */,
			);
			name = Pods;
			sourceTree = "<group>";
		};
		74AD300E7737DB74E750BF7B /* Services */ = {
			isa = PBXGroup;
			children = (
				74AD3621974538AE543A9CC9 /* ConcreteServices */,
			);
			path = Services;
			sourceTree = "<group>";
		};
		74AD30556560A81878528A4C /* ViewModel */ = {
			isa = PBXGroup;
			children = (
			);
			path = ViewModel;
			sourceTree = "<group>";
		};
		74AD312E795AD1E690FAEEB2 /* Storyboard */ = {
			isa = PBXGroup;
			children = (
				74AD3C290B07602F9E0F9FE2 /* LaunchScreen.storyboard */,
				74AD33A1E6FB1958A96CC03A /* SerialsUserStoryStoryboard.storyboard */,
			);
			path = Storyboard;
			sourceTree = "<group>";
		};
		74AD31A694FD6F203A414A58 /* Assembly */ = {
			isa = PBXGroup;
			children = (
			);
			path = Assembly;
			sourceTree = "<group>";
		};
		74AD3266FE91015911A26C41 /* Protocols */ = {
			isa = PBXGroup;
			children = (
			);
			path = Protocols;
			sourceTree = "<group>";
		};
		74AD32DD3487AD3DA2BE1286 /* SerialsUserStory */ = {
			isa = PBXGroup;
			children = (
				74AD3A36E80409A481A10451 /* Modules */,
				74AD312E795AD1E690FAEEB2 /* Storyboard */,
			);
			path = SerialsUserStory;
			sourceTree = "<group>";
		};
		74AD3364F57845BBFBB19C9B /* View */ = {
			isa = PBXGroup;
			children = (
			);
			path = View;
			sourceTree = "<group>";
		};
		74AD3392843570E1750C2D0D /* SavedSerialsModule */ = {
			isa = PBXGroup;
			children = (
				74AD3DFC394BED31A985964B /* Assembly */,
				74AD3364F57845BBFBB19C9B /* View */,
				74AD34AF2E1B3891219727D9 /* ViewModel */,
				74AD35724576E798B40E25E1 /* Router */,
			);
			path = SavedSerialsModule;
			sourceTree = "<group>";
		};
		74AD33D7A218AF262AF45C9B /* Modules */ = {
			isa = PBXGroup;
			children = (
				74AD3CFA1D84EF16D3EDCB31 /* UserAuthorizationModule */,
			);
			path = Modules;
			sourceTree = "<group>";
		};
		74AD341658D98A9DD7D8FF66 /* ModuleAssemblyBase */ = {
			isa = PBXGroup;
			children = (
			);
			path = ModuleAssemblyBase;
			sourceTree = "<group>";
		};
		74AD3422D94A84CE23551C6B /* NewSerialsModule */ = {
			isa = PBXGroup;
			children = (
				74AD368A18D5A14DD92E924E /* Assembly */,
				74AD37B0B2C4A8D98F87BF25 /* View */,
				74AD30556560A81878528A4C /* ViewModel */,
				74AD3830D09E4A9CA9A1BDD3 /* Router */,
			);
			path = NewSerialsModule;
			sourceTree = "<group>";
		};
		74AD347220ADF903F6202340 /* Assembly */ = {
			isa = PBXGroup;
			children = (
			);
			path = Assembly;
			sourceTree = "<group>";
		};
		74AD34AF2E1B3891219727D9 /* ViewModel */ = {
			isa = PBXGroup;
			children = (
			);
			path = ViewModel;
			sourceTree = "<group>";
		};
		74AD34F5261A2435715959FE /* AppDelegate */ = {
			isa = PBXGroup;
			children = (
				74AD3235268D60C8EE3A99DE /* AppDelegate.h */,
				74AD389C497C9C32E509D13B /* AppDelegate.m */,
			);
			path = AppDelegate;
			sourceTree = "<group>";
		};
		74AD354237B44AD517247F1B /* NetworkClients */ = {
			isa = PBXGroup;
			children = (
				74AD3E09D52F240055CBDB4A /* ConcreteClasses */,
			);
			path = NetworkClients;
			sourceTree = "<group>";
		};
		74AD35724576E798B40E25E1 /* Router */ = {
			isa = PBXGroup;
			children = (
			);
			path = Router;
			sourceTree = "<group>";
		};
		74AD35B8B427950085DBD546 /* ViewModel */ = {
			isa = PBXGroup;
			children = (
			);
			path = ViewModel;
			sourceTree = "<group>";
		};
		74AD3621974538AE543A9CC9 /* ConcreteServices */ = {
			isa = PBXGroup;
			children = (
			);
			path = ConcreteServices;
			sourceTree = "<group>";
		};
		74AD368A18D5A14DD92E924E /* Assembly */ = {
			isa = PBXGroup;
			children = (
			);
			path = Assembly;
			sourceTree = "<group>";
		};
		74AD3696AAF7EA9524307CCB /* CoreLayer */ = {
			isa = PBXGroup;
			children = (
				74AD3F1000EDC69D9AAB410E /* Assemblies */,
				74AD3A8CFFF7ED1FBA01F174 /* CoreComponents */,
			);
			path = CoreLayer;
			sourceTree = "<group>";
		};
		74AD36B5AE57D218D0A82FC0 /* PresentationLayer */ = {
			isa = PBXGroup;
			children = (
				74AD3AE0A6DA4FE14F73D7A1 /* Common */,
				74AD3ABC52596F7DFA439FF6 /* UserStories */,
				74AD38685F7C21836B208445 /* Assemblies */,
			);
			path = PresentationLayer;
			sourceTree = "<group>";
		};
		74AD373CEA45442A20270179 /* Assemblies */ = {
			isa = PBXGroup;
			children = (
				74AD3ED28949C2EA412BF2EC /* ServiceComponentsAssembly */,
			);
			path = Assemblies;
			sourceTree = "<group>";
		};
		74AD37B0B2C4A8D98F87BF25 /* View */ = {
			isa = PBXGroup;
			children = (
			);
			path = View;
			sourceTree = "<group>";
		};
		74AD3830D09E4A9CA9A1BDD3 /* Router */ = {
			isa = PBXGroup;
			children = (
			);
			path = Router;
			sourceTree = "<group>";
		};
		74AD38685F7C21836B208445 /* Assemblies */ = {
			isa = PBXGroup;
			children = (
				74AD341658D98A9DD7D8FF66 /* ModuleAssemblyBase */,
			);
			path = Assemblies;
			sourceTree = "<group>";
		};
		74AD39A91D1DAF48D7417336 /* SerialInfoModule */ = {
			isa = PBXGroup;
			children = (
				74AD347220ADF903F6202340 /* Assembly */,
				74AD3E3C76E9DD70C094DA9E /* View */,
				74AD35B8B427950085DBD546 /* ViewModel */,
				74AD3C95D2732A07C8C3270A /* Router */,
			);
			path = SerialInfoModule;
			sourceTree = "<group>";
		};
		74AD3A36E80409A481A10451 /* Modules */ = {
			isa = PBXGroup;
			children = (
				74AD3422D94A84CE23551C6B /* NewSerialsModule */,
				74AD3392843570E1750C2D0D /* SavedSerialsModule */,
				74AD39A91D1DAF48D7417336 /* SerialInfoModule */,
			);
			path = Modules;
			sourceTree = "<group>";
		};
		74AD3A50F1C00A1C2F026E44 /* ViewModel */ = {
			isa = PBXGroup;
			children = (
			);
			path = ViewModel;
			sourceTree = "<group>";
		};
		74AD3A8CFFF7ED1FBA01F174 /* CoreComponents */ = {
			isa = PBXGroup;
			children = (
				74AD354237B44AD517247F1B /* NetworkClients */,
			);
			path = CoreComponents;
			sourceTree = "<group>";
		};
		74AD3ABB17AE3E58D56919DD /* ApplicationLayer */ = {
			isa = PBXGroup;
			children = (
				74AD34F5261A2435715959FE /* AppDelegate */,
				74AD3D536C00358D957CB04E /* Assemblies */,
			);
			path = ApplicationLayer;
			sourceTree = "<group>";
		};
		74AD3ABC52596F7DFA439FF6 /* UserStories */ = {
			isa = PBXGroup;
			children = (
				74AD3ED47618CCEAE2EB8FC5 /* AuthorizationUserStory */,
				74AD32DD3487AD3DA2BE1286 /* SerialsUserStory */,
			);
			path = UserStories;
			sourceTree = "<group>";
		};
		74AD3AC60895DF8DD68D447D /* Classes */ = {
			isa = PBXGroup;
			children = (
				74AD3ABB17AE3E58D56919DD /* ApplicationLayer */,
				74AD3C94274C5056286C8C8C /* BusinessLogicLayer */,
				74AD3696AAF7EA9524307CCB /* CoreLayer */,
				74AD36B5AE57D218D0A82FC0 /* PresentationLayer */,
				74AD3CBE0D1228EF9D37515A /* Models */,
				74AD3CA3CB4628704469C4D0 /* Constants */,
			);
			path = Classes;
			sourceTree = "<group>";
		};
		74AD3AC783F0CF740CD67609 /* StringConstants */ = {
			isa = PBXGroup;
			children = (
				74AD3EEBC5BE15A654FF9F56 /* StringConstants.m */,
				74AD34BC8CE41759D26B4438 /* StringConstants.h */,
			);
			path = StringConstants;
			sourceTree = "<group>";
		};
		74AD3ADC156BF45BBF8C04A8 /* CellObjects */ = {
			isa = PBXGroup;
			children = (
			);
			path = CellObjects;
			sourceTree = "<group>";
		};
		74AD3AE0A6DA4FE14F73D7A1 /* Common */ = {
			isa = PBXGroup;
			children = (
				74AD3D7E59CE640B44671ECB /* Cells */,
				74AD3ADC156BF45BBF8C04A8 /* CellObjects */,
				74AD3266FE91015911A26C41 /* Protocols */,
			);
			path = Common;
			sourceTree = "<group>";
		};
		74AD3B4F70D09FFE1AE99313 /* Storyboard */ = {
			isa = PBXGroup;
			children = (
				B7B160EB1D9B1DB900F68B90 /* AuthorizationUserStoryStoryboard.storyboard */,
			);
			path = Storyboard;
			sourceTree = "<group>";
		};
		74AD3B8479C8B0BF6F9942EF /* View */ = {
			isa = PBXGroup;
			children = (
			);
			path = View;
			sourceTree = "<group>";
		};
		74AD3BA639545F48A3A2C522 /* NetworkClientsFactory */ = {
			isa = PBXGroup;
			children = (
			);
			path = NetworkClientsFactory;
			sourceTree = "<group>";
		};
		74AD3BCFB3FECAEB3C98491E /* Resources */ = {
			isa = PBXGroup;
			children = (
				74AD3EAC61E28FF0DA25F82C /* Assets.xcassets */,
			);
			path = Resources;
			sourceTree = "<group>";
		};
		74AD3C94274C5056286C8C8C /* BusinessLogicLayer */ = {
			isa = PBXGroup;
			children = (
				74AD373CEA45442A20270179 /* Assemblies */,
				74AD300E7737DB74E750BF7B /* Services */,
			);
			path = BusinessLogicLayer;
			sourceTree = "<group>";
		};
		74AD3C95D2732A07C8C3270A /* Router */ = {
			isa = PBXGroup;
			children = (
			);
			path = Router;
			sourceTree = "<group>";
		};
		74AD3CA3CB4628704469C4D0 /* Constants */ = {
			isa = PBXGroup;
			children = (
				74AD3AC783F0CF740CD67609 /* StringConstants */,
			);
			path = Constants;
			sourceTree = "<group>";
		};
		74AD3CBE0D1228EF9D37515A /* Models */ = {
			isa = PBXGroup;
			children = (
			);
			path = Models;
			sourceTree = "<group>";
		};
		74AD3CFA1D84EF16D3EDCB31 /* UserAuthorizationModule */ = {
			isa = PBXGroup;
			children = (
				74AD31A694FD6F203A414A58 /* Assembly */,
				74AD3B8479C8B0BF6F9942EF /* View */,
				74AD3A50F1C00A1C2F026E44 /* ViewModel */,
				74AD3D46C2FCBD0E22E6D379 /* Router */,
			);
			path = UserAuthorizationModule;
			sourceTree = "<group>";
		};
		74AD3D3B8EADEE0BC40EF80A /* NetworkClient */ = {
			isa = PBXGroup;
			children = (
				74AD3DE609985F8136282339 /* NetworkClientImpl.h */,
				74AD33E634506C3C1611C714 /* NetworkClientImpl.m */,
				74AD3730FD001016F9A89497 /* NetworkClient.h */,
			);
			path = NetworkClient;
			sourceTree = "<group>";
		};
		74AD3D46C2FCBD0E22E6D379 /* Router */ = {
			isa = PBXGroup;
			children = (
			);
			path = Router;
			sourceTree = "<group>";
		};
		74AD3D536C00358D957CB04E /* Assemblies */ = {
			isa = PBXGroup;
			children = (
			);
			path = Assemblies;
			sourceTree = "<group>";
		};
		74AD3D7E59CE640B44671ECB /* Cells */ = {
			isa = PBXGroup;
			children = (
			);
			path = Cells;
			sourceTree = "<group>";
		};
		74AD3DFC394BED31A985964B /* Assembly */ = {
			isa = PBXGroup;
			children = (
			);
			path = Assembly;
			sourceTree = "<group>";
		};
		74AD3E09D52F240055CBDB4A /* ConcreteClasses */ = {
			isa = PBXGroup;
			children = (
				74AD3D3B8EADEE0BC40EF80A /* NetworkClient */,
				74AD3E77825CBED9C09466B2 /* NetworkClientResponseSerializer */,
			);
			path = ConcreteClasses;
			sourceTree = "<group>";
		};
		74AD3E3C76E9DD70C094DA9E /* View */ = {
			isa = PBXGroup;
			children = (
			);
			path = View;
			sourceTree = "<group>";
		};
		74AD3E77825CBED9C09466B2 /* NetworkClientResponseSerializer */ = {
			isa = PBXGroup;
			children = (
				74AD3F89FEF0B882EF16B9E8 /* NetworkClientResponseSerializerImpl.h */,
				74AD35EC7F1FA31EFE480321 /* NetworkClientResponseSerializerImpl.m */,
				74AD3ED472710F04968CB1BB /* NetworkClientResponseSerializer.h */,
			);
			path = NetworkClientResponseSerializer;
			sourceTree = "<group>";
		};
		74AD3ED28949C2EA412BF2EC /* ServiceComponentsAssembly */ = {
			isa = PBXGroup;
			children = (
			);
			path = ServiceComponentsAssembly;
			sourceTree = "<group>";
		};
		74AD3ED47618CCEAE2EB8FC5 /* AuthorizationUserStory */ = {
			isa = PBXGroup;
			children = (
				74AD33D7A218AF262AF45C9B /* Modules */,
				74AD3B4F70D09FFE1AE99313 /* Storyboard */,
			);
			path = AuthorizationUserStory;
			sourceTree = "<group>";
		};
		74AD3F1000EDC69D9AAB410E /* Assemblies */ = {
			isa = PBXGroup;
			children = (
				74AD3BA639545F48A3A2C522 /* NetworkClientsFactory */,
			);
			path = Assemblies;
			sourceTree = "<group>";
		};
		B77EE1F61D9A8AC8006FB640 = {
			isa = PBXGroup;
			children = (
				B77EE2011D9A8AC8006FB640 /* TVDB */,
				B77EE21E1D9A8AC8006FB640 /* TVDBTests */,
				B77EE2001D9A8AC8006FB640 /* Products */,
				4D401E5861B57232D6A9ABDA /* Pods */,
				E800AFAA6ACC5B136CE3B77A /* Frameworks */,
			);
			sourceTree = "<group>";
		};
		B77EE2001D9A8AC8006FB640 /* Products */ = {
			isa = PBXGroup;
			children = (
				B77EE1FF1D9A8AC8006FB640 /* TVDB.app */,
				B77EE21B1D9A8AC8006FB640 /* TVDBTests.xctest */,
			);
			name = Products;
			sourceTree = "<group>";
		};
		B77EE2011D9A8AC8006FB640 /* TVDB */ = {
			isa = PBXGroup;
			children = (
				74AD3AC60895DF8DD68D447D /* Classes */,
				74AD3BCFB3FECAEB3C98491E /* Resources */,
				B77EE2021D9A8AC8006FB640 /* Supporting Files */,
			);
			path = TVDB;
			sourceTree = "<group>";
		};
		B77EE2021D9A8AC8006FB640 /* Supporting Files */ = {
			isa = PBXGroup;
			children = (
				B77EE2031D9A8AC8006FB640 /* main.m */,
				74AD312AFC195273E65DC6A4 /* Info.plist */,
			);
			name = "Supporting Files";
			sourceTree = "<group>";
		};
		B77EE21E1D9A8AC8006FB640 /* TVDBTests */ = {
			isa = PBXGroup;
			children = (
				B77EE21F1D9A8AC8006FB640 /* TVDBTests.m */,
				B77EE2211D9A8AC8006FB640 /* Info.plist */,
			);
			path = TVDBTests;
			sourceTree = "<group>";
		};
		E800AFAA6ACC5B136CE3B77A /* Frameworks */ = {
			isa = PBXGroup;
			children = (
				55D1E4A96C0D96DD84A7D9A5 /* Pods_TVDB.framework */,
				6902A40F4E34A7B92CC0159C /* Pods_TVDBTests.framework */,
			);
			name = Frameworks;
			sourceTree = "<group>";
		};
/* End PBXGroup section */

/* Begin PBXNativeTarget section */
		B77EE1FE1D9A8AC8006FB640 /* TVDB */ = {
			isa = PBXNativeTarget;
			buildConfigurationList = B77EE2241D9A8AC8006FB640 /* Build configuration list for PBXNativeTarget "TVDB" */;
			buildPhases = (
				B94E702F52034B3D59E6DD62 /* Check Pods Manifest.lock */,
				B77EE1FB1D9A8AC8006FB640 /* Sources */,
				B77EE1FC1D9A8AC8006FB640 /* Frameworks */,
				B77EE1FD1D9A8AC8006FB640 /* Resources */,
				0166DAB4AD46D57123F0835F /* Embed Pods Frameworks */,
				440C39EA04EA3A617A41A87C /* Copy Pods Resources */,
				B7B160ED1D9BC0B900F68B90 /* Run Script */,
			);
			buildRules = (
			);
			dependencies = (
			);
			name = TVDB;
			productName = TVDB;
			productReference = B77EE1FF1D9A8AC8006FB640 /* TVDB.app */;
			productType = "com.apple.product-type.application";
		};
		B77EE21A1D9A8AC8006FB640 /* TVDBTests */ = {
			isa = PBXNativeTarget;
			buildConfigurationList = B77EE2271D9A8AC8006FB640 /* Build configuration list for PBXNativeTarget "TVDBTests" */;
			buildPhases = (
				0A191C33D7EF1C278915EAF8 /* Check Pods Manifest.lock */,
				B77EE2171D9A8AC8006FB640 /* Sources */,
				B77EE2181D9A8AC8006FB640 /* Frameworks */,
				B77EE2191D9A8AC8006FB640 /* Resources */,
				8F3DE7B106F9CF083C3E2CE8 /* Embed Pods Frameworks */,
				AA0171E67600AD1E0A0DB36E /* Copy Pods Resources */,
			);
			buildRules = (
			);
			dependencies = (
				B77EE21D1D9A8AC8006FB640 /* PBXTargetDependency */,
			);
			name = TVDBTests;
			productName = TVDBTests;
			productReference = B77EE21B1D9A8AC8006FB640 /* TVDBTests.xctest */;
			productType = "com.apple.product-type.bundle.unit-test";
		};
/* End PBXNativeTarget section */

/* Begin PBXProject section */
		B77EE1F71D9A8AC8006FB640 /* Project object */ = {
			isa = PBXProject;
			attributes = {
				LastUpgradeCheck = 0800;
				ORGANIZATIONNAME = "Igor Vasilenko";
				TargetAttributes = {
					B77EE1FE1D9A8AC8006FB640 = {
						CreatedOnToolsVersion = 8.0;
						DevelopmentTeam = XQ9P3KDDUW;
						ProvisioningStyle = Automatic;
					};
					B77EE21A1D9A8AC8006FB640 = {
						CreatedOnToolsVersion = 8.0;
						DevelopmentTeam = XQ9P3KDDUW;
						ProvisioningStyle = Automatic;
						TestTargetID = B77EE1FE1D9A8AC8006FB640;
					};
				};
			};
			buildConfigurationList = B77EE1FA1D9A8AC8006FB640 /* Build configuration list for PBXProject "TVDB" */;
			compatibilityVersion = "Xcode 3.2";
			developmentRegion = English;
			hasScannedForEncodings = 0;
			knownRegions = (
				en,
				Base,
			);
			mainGroup = B77EE1F61D9A8AC8006FB640;
			productRefGroup = B77EE2001D9A8AC8006FB640 /* Products */;
			projectDirPath = "";
			projectRoot = "";
			targets = (
				B77EE1FE1D9A8AC8006FB640 /* TVDB */,
				B77EE21A1D9A8AC8006FB640 /* TVDBTests */,
			);
		};
/* End PBXProject section */

/* Begin PBXResourcesBuildPhase section */
		B77EE1FD1D9A8AC8006FB640 /* Resources */ = {
			isa = PBXResourcesBuildPhase;
			buildActionMask = 2147483647;
			files = (
				B7B160EC1D9B1DB900F68B90 /* AuthorizationUserStoryStoryboard.storyboard in Resources */,
				74AD3C43F87FF2D85E0B7153 /* Assets.xcassets in Resources */,
				74AD3CD598BE722C65B59B66 /* LaunchScreen.storyboard in Resources */,
				74AD34A9BC42DB2A4FF9B4AE /* SerialsUserStoryStoryboard.storyboard in Resources */,
			);
			runOnlyForDeploymentPostprocessing = 0;
		};
		B77EE2191D9A8AC8006FB640 /* Resources */ = {
			isa = PBXResourcesBuildPhase;
			buildActionMask = 2147483647;
			files = (
			);
			runOnlyForDeploymentPostprocessing = 0;
		};
/* End PBXResourcesBuildPhase section */

/* Begin PBXShellScriptBuildPhase section */
		0166DAB4AD46D57123F0835F /* Embed Pods Frameworks */ = {
			isa = PBXShellScriptBuildPhase;
			buildActionMask = 2147483647;
			files = (
			);
			inputPaths = (
			);
			name = "Embed Pods Frameworks";
			outputPaths = (
			);
			runOnlyForDeploymentPostprocessing = 0;
			shellPath = /bin/sh;
			shellScript = "\"${SRCROOT}/Pods/Target Support Files/Pods-TVDB/Pods-TVDB-frameworks.sh\"\n";
			showEnvVarsInLog = 0;
		};
		0A191C33D7EF1C278915EAF8 /* Check Pods Manifest.lock */ = {
			isa = PBXShellScriptBuildPhase;
			buildActionMask = 2147483647;
			files = (
			);
			inputPaths = (
			);
			name = "Check Pods Manifest.lock";
			outputPaths = (
			);
			runOnlyForDeploymentPostprocessing = 0;
			shellPath = /bin/sh;
			shellScript = "diff \"${PODS_ROOT}/../Podfile.lock\" \"${PODS_ROOT}/Manifest.lock\" > /dev/null\nif [[ $? != 0 ]] ; then\n    cat << EOM\nerror: The sandbox is not in sync with the Podfile.lock. Run 'pod install' or update your CocoaPods installation.\nEOM\n    exit 1\nfi\n";
			showEnvVarsInLog = 0;
		};
		440C39EA04EA3A617A41A87C /* Copy Pods Resources */ = {
			isa = PBXShellScriptBuildPhase;
			buildActionMask = 2147483647;
			files = (
			);
			inputPaths = (
			);
			name = "Copy Pods Resources";
			outputPaths = (
			);
			runOnlyForDeploymentPostprocessing = 0;
			shellPath = /bin/sh;
			shellScript = "\"${SRCROOT}/Pods/Target Support Files/Pods-TVDB/Pods-TVDB-resources.sh\"\n";
			showEnvVarsInLog = 0;
		};
		8F3DE7B106F9CF083C3E2CE8 /* Embed Pods Frameworks */ = {
			isa = PBXShellScriptBuildPhase;
			buildActionMask = 2147483647;
			files = (
			);
			inputPaths = (
			);
			name = "Embed Pods Frameworks";
			outputPaths = (
			);
			runOnlyForDeploymentPostprocessing = 0;
			shellPath = /bin/sh;
			shellScript = "\"${SRCROOT}/Pods/Target Support Files/Pods-TVDBTests/Pods-TVDBTests-frameworks.sh\"\n";
			showEnvVarsInLog = 0;
		};
		AA0171E67600AD1E0A0DB36E /* Copy Pods Resources */ = {
			isa = PBXShellScriptBuildPhase;
			buildActionMask = 2147483647;
			files = (
			);
			inputPaths = (
			);
			name = "Copy Pods Resources";
			outputPaths = (
			);
			runOnlyForDeploymentPostprocessing = 0;
			shellPath = /bin/sh;
			shellScript = "\"${SRCROOT}/Pods/Target Support Files/Pods-TVDBTests/Pods-TVDBTests-resources.sh\"\n";
			showEnvVarsInLog = 0;
		};
		B7B160ED1D9BC0B900F68B90 /* Run Script */ = {
			isa = PBXShellScriptBuildPhase;
			buildActionMask = 2147483647;
			files = (
			);
			inputPaths = (
			);
			name = "Run Script";
			outputPaths = (
			);
			runOnlyForDeploymentPostprocessing = 0;
			shellPath = /bin/sh;
			shellScript = "${PODS_ROOT}/Fabric/run c5660adff07ae601833a2f6b45dc8fcc99f17329 b8aec356bf73d92f767abb9b884a8fd4f7dd3688d9e0925d051eda8e6bc5bf53";
		};
		B94E702F52034B3D59E6DD62 /* Check Pods Manifest.lock */ = {
			isa = PBXShellScriptBuildPhase;
			buildActionMask = 2147483647;
			files = (
			);
			inputPaths = (
			);
			name = "Check Pods Manifest.lock";
			outputPaths = (
			);
			runOnlyForDeploymentPostprocessing = 0;
			shellPath = /bin/sh;
			shellScript = "diff \"${PODS_ROOT}/../Podfile.lock\" \"${PODS_ROOT}/Manifest.lock\" > /dev/null\nif [[ $? != 0 ]] ; then\n    cat << EOM\nerror: The sandbox is not in sync with the Podfile.lock. Run 'pod install' or update your CocoaPods installation.\nEOM\n    exit 1\nfi\n";
			showEnvVarsInLog = 0;
		};
/* End PBXShellScriptBuildPhase section */

/* Begin PBXSourcesBuildPhase section */
		B77EE1FB1D9A8AC8006FB640 /* Sources */ = {
			isa = PBXSourcesBuildPhase;
			buildActionMask = 2147483647;
			files = (
				B77EE2041D9A8AC8006FB640 /* main.m in Sources */,
				74AD33EA5708F194101E6CF7 /* AppDelegate.m in Sources */,
				74AD3FEE1C477A7C5D885BF5 /* StringConstants.m in Sources */,
				74AD380EB8C003CE78166B0A /* NetworkClientImpl.m in Sources */,
				74AD366EB96040FFC655746E /* NetworkClientResponseSerializerImpl.m in Sources */,
			);
			runOnlyForDeploymentPostprocessing = 0;
		};
		B77EE2171D9A8AC8006FB640 /* Sources */ = {
			isa = PBXSourcesBuildPhase;
			buildActionMask = 2147483647;
			files = (
				B77EE2201D9A8AC8006FB640 /* TVDBTests.m in Sources */,
			);
			runOnlyForDeploymentPostprocessing = 0;
		};
/* End PBXSourcesBuildPhase section */

/* Begin PBXTargetDependency section */
		B77EE21D1D9A8AC8006FB640 /* PBXTargetDependency */ = {
			isa = PBXTargetDependency;
			target = B77EE1FE1D9A8AC8006FB640 /* TVDB */;
			targetProxy = B77EE21C1D9A8AC8006FB640 /* PBXContainerItemProxy */;
		};
/* End PBXTargetDependency section */

/* Begin PBXVariantGroup section */
		74AD33A1E6FB1958A96CC03A /* SerialsUserStoryStoryboard.storyboard */ = {
			isa = PBXVariantGroup;
			children = (
				74AD31CEA66E17DE07503F5B /* Base */,
			);
			name = SerialsUserStoryStoryboard.storyboard;
			sourceTree = "<group>";
		};
		74AD3C290B07602F9E0F9FE2 /* LaunchScreen.storyboard */ = {
			isa = PBXVariantGroup;
			children = (
				74AD3177A0F557B2A2F54915 /* Base */,
			);
			name = LaunchScreen.storyboard;
			sourceTree = "<group>";
		};
/* End PBXVariantGroup section */

/* Begin XCBuildConfiguration section */
		B77EE2221D9A8AC8006FB640 /* Debug */ = {
			isa = XCBuildConfiguration;
			buildSettings = {
				ALWAYS_SEARCH_USER_PATHS = NO;
				CLANG_ANALYZER_NONNULL = YES;
				CLANG_CXX_LANGUAGE_STANDARD = "gnu++0x";
				CLANG_CXX_LIBRARY = "libc++";
				CLANG_ENABLE_MODULES = YES;
				CLANG_ENABLE_OBJC_ARC = YES;
				CLANG_WARN_BOOL_CONVERSION = YES;
				CLANG_WARN_CONSTANT_CONVERSION = YES;
				CLANG_WARN_DIRECT_OBJC_ISA_USAGE = YES_ERROR;
				CLANG_WARN_DOCUMENTATION_COMMENTS = YES;
				CLANG_WARN_EMPTY_BODY = YES;
				CLANG_WARN_ENUM_CONVERSION = YES;
				CLANG_WARN_INFINITE_RECURSION = YES;
				CLANG_WARN_INT_CONVERSION = YES;
				CLANG_WARN_OBJC_ROOT_CLASS = YES_ERROR;
				CLANG_WARN_SUSPICIOUS_MOVES = YES;
				CLANG_WARN_UNREACHABLE_CODE = YES;
				CLANG_WARN__DUPLICATE_METHOD_MATCH = YES;
				"CODE_SIGN_IDENTITY[sdk=iphoneos*]" = "iPhone Developer";
				COPY_PHASE_STRIP = NO;
				DEBUG_INFORMATION_FORMAT = dwarf;
				ENABLE_STRICT_OBJC_MSGSEND = YES;
				ENABLE_TESTABILITY = YES;
				GCC_C_LANGUAGE_STANDARD = gnu99;
				GCC_DYNAMIC_NO_PIC = NO;
				GCC_NO_COMMON_BLOCKS = YES;
				GCC_OPTIMIZATION_LEVEL = 0;
				GCC_PREPROCESSOR_DEFINITIONS = (
					"DEBUG=1",
					"$(inherited)",
				);
				GCC_WARN_64_TO_32_BIT_CONVERSION = YES;
				GCC_WARN_ABOUT_RETURN_TYPE = YES_ERROR;
				GCC_WARN_UNDECLARED_SELECTOR = YES;
				GCC_WARN_UNINITIALIZED_AUTOS = YES_AGGRESSIVE;
				GCC_WARN_UNUSED_FUNCTION = YES;
				GCC_WARN_UNUSED_VARIABLE = YES;
				IPHONEOS_DEPLOYMENT_TARGET = 10.0;
				MTL_ENABLE_DEBUG_INFO = YES;
				ONLY_ACTIVE_ARCH = YES;
				SDKROOT = iphoneos;
				TARGETED_DEVICE_FAMILY = "1,2";
			};
			name = Debug;
		};
		B77EE2231D9A8AC8006FB640 /* Release */ = {
			isa = XCBuildConfiguration;
			buildSettings = {
				ALWAYS_SEARCH_USER_PATHS = NO;
				CLANG_ANALYZER_NONNULL = YES;
				CLANG_CXX_LANGUAGE_STANDARD = "gnu++0x";
				CLANG_CXX_LIBRARY = "libc++";
				CLANG_ENABLE_MODULES = YES;
				CLANG_ENABLE_OBJC_ARC = YES;
				CLANG_WARN_BOOL_CONVERSION = YES;
				CLANG_WARN_CONSTANT_CONVERSION = YES;
				CLANG_WARN_DIRECT_OBJC_ISA_USAGE = YES_ERROR;
				CLANG_WARN_DOCUMENTATION_COMMENTS = YES;
				CLANG_WARN_EMPTY_BODY = YES;
				CLANG_WARN_ENUM_CONVERSION = YES;
				CLANG_WARN_INFINITE_RECURSION = YES;
				CLANG_WARN_INT_CONVERSION = YES;
				CLANG_WARN_OBJC_ROOT_CLASS = YES_ERROR;
				CLANG_WARN_SUSPICIOUS_MOVES = YES;
				CLANG_WARN_UNREACHABLE_CODE = YES;
				CLANG_WARN__DUPLICATE_METHOD_MATCH = YES;
				"CODE_SIGN_IDENTITY[sdk=iphoneos*]" = "iPhone Developer";
				COPY_PHASE_STRIP = NO;
				DEBUG_INFORMATION_FORMAT = "dwarf-with-dsym";
				ENABLE_NS_ASSERTIONS = NO;
				ENABLE_STRICT_OBJC_MSGSEND = YES;
				GCC_C_LANGUAGE_STANDARD = gnu99;
				GCC_NO_COMMON_BLOCKS = YES;
				GCC_WARN_64_TO_32_BIT_CONVERSION = YES;
				GCC_WARN_ABOUT_RETURN_TYPE = YES_ERROR;
				GCC_WARN_UNDECLARED_SELECTOR = YES;
				GCC_WARN_UNINITIALIZED_AUTOS = YES_AGGRESSIVE;
				GCC_WARN_UNUSED_FUNCTION = YES;
				GCC_WARN_UNUSED_VARIABLE = YES;
				IPHONEOS_DEPLOYMENT_TARGET = 10.0;
				MTL_ENABLE_DEBUG_INFO = NO;
				SDKROOT = iphoneos;
				TARGETED_DEVICE_FAMILY = "1,2";
				VALIDATE_PRODUCT = YES;
			};
			name = Release;
		};
		B77EE2251D9A8AC8006FB640 /* Debug */ = {
			isa = XCBuildConfiguration;
			baseConfigurationReference = 91B3915730D872C24017C5D1 /* Pods-TVDB.debug.xcconfig */;
			buildSettings = {
				ASSETCATALOG_COMPILER_APPICON_NAME = AppIcon;
				DEVELOPMENT_TEAM = XQ9P3KDDUW;
				INFOPLIST_FILE = TVDB/Info.plist;
				LD_RUNPATH_SEARCH_PATHS = "$(inherited) @executable_path/Frameworks";
				PRODUCT_BUNDLE_IDENTIFIER = IgorVasilenko.com.TVDB;
				PRODUCT_NAME = "$(TARGET_NAME)";
			};
			name = Debug;
		};
		B77EE2261D9A8AC8006FB640 /* Release */ = {
			isa = XCBuildConfiguration;
			baseConfigurationReference = F70B407D341B9CF217786C94 /* Pods-TVDB.release.xcconfig */;
			buildSettings = {
				ASSETCATALOG_COMPILER_APPICON_NAME = AppIcon;
				DEVELOPMENT_TEAM = XQ9P3KDDUW;
				INFOPLIST_FILE = TVDB/Info.plist;
				LD_RUNPATH_SEARCH_PATHS = "$(inherited) @executable_path/Frameworks";
				PRODUCT_BUNDLE_IDENTIFIER = IgorVasilenko.com.TVDB;
				PRODUCT_NAME = "$(TARGET_NAME)";
			};
			name = Release;
		};
		B77EE2281D9A8AC8006FB640 /* Debug */ = {
			isa = XCBuildConfiguration;
			baseConfigurationReference = D023D65CF80AD63E174C773C /* Pods-TVDBTests.debug.xcconfig */;
			buildSettings = {
				BUNDLE_LOADER = "$(TEST_HOST)";
				DEVELOPMENT_TEAM = XQ9P3KDDUW;
				INFOPLIST_FILE = TVDBTests/Info.plist;
				LD_RUNPATH_SEARCH_PATHS = "$(inherited) @executable_path/Frameworks @loader_path/Frameworks";
				PRODUCT_BUNDLE_IDENTIFIER = IgorVasilenko.com.TVDBTests;
				PRODUCT_NAME = "$(TARGET_NAME)";
				TEST_HOST = "$(BUILT_PRODUCTS_DIR)/TVDB.app/TVDB";
			};
			name = Debug;
		};
		B77EE2291D9A8AC8006FB640 /* Release */ = {
			isa = XCBuildConfiguration;
			baseConfigurationReference = 7C5C0B8B2A6D09D2F94BB5D5 /* Pods-TVDBTests.release.xcconfig */;
			buildSettings = {
				BUNDLE_LOADER = "$(TEST_HOST)";
				DEVELOPMENT_TEAM = XQ9P3KDDUW;
				INFOPLIST_FILE = TVDBTests/Info.plist;
				LD_RUNPATH_SEARCH_PATHS = "$(inherited) @executable_path/Frameworks @loader_path/Frameworks";
				PRODUCT_BUNDLE_IDENTIFIER = IgorVasilenko.com.TVDBTests;
				PRODUCT_NAME = "$(TARGET_NAME)";
				TEST_HOST = "$(BUILT_PRODUCTS_DIR)/TVDB.app/TVDB";
			};
			name = Release;
		};
/* End XCBuildConfiguration section */

/* Begin XCConfigurationList section */
		B77EE1FA1D9A8AC8006FB640 /* Build configuration list for PBXProject "TVDB" */ = {
			isa = XCConfigurationList;
			buildConfigurations = (
				B77EE2221D9A8AC8006FB640 /* Debug */,
				B77EE2231D9A8AC8006FB640 /* Release */,
			);
			defaultConfigurationIsVisible = 0;
			defaultConfigurationName = Release;
		};
		B77EE2241D9A8AC8006FB640 /* Build configuration list for PBXNativeTarget "TVDB" */ = {
			isa = XCConfigurationList;
			buildConfigurations = (
				B77EE2251D9A8AC8006FB640 /* Debug */,
				B77EE2261D9A8AC8006FB640 /* Release */,
			);
			defaultConfigurationIsVisible = 0;
			defaultConfigurationName = Release;
		};
		B77EE2271D9A8AC8006FB640 /* Build configuration list for PBXNativeTarget "TVDBTests" */ = {
			isa = XCConfigurationList;
			buildConfigurations = (
				B77EE2281D9A8AC8006FB640 /* Debug */,
				B77EE2291D9A8AC8006FB640 /* Release */,
			);
			defaultConfigurationIsVisible = 0;
			defaultConfigurationName = Release;
		};
/* End XCConfigurationList section */
	};
	rootObject = B77EE1F71D9A8AC8006FB640 /* Project object */;
}
